
Microsoft Visual Studio Solution File, Format Version 12.00
# Visual Studio Version 17
VisualStudioVersion = 17.12.35514.174
MinimumVisualStudioVersion = 10.0.40219.1
Project("{2150E333-8FDC-42A3-9474-1A3956D46DE8}") = "BuildingBlocks", "BuildingBlocks", "{B1B1B1B1-1111-1111-1111-111111111111}"
EndProject
Project("{2150E333-8FDC-42A3-9474-1A3956D46DE8}") = "Services", "Services", "{B2B2B2B2-2222-2222-2222-222222222222}"
EndProject
Project("{2150E333-8FDC-42A3-9474-1A3956D46DE8}") = "Gateway", "Gateway", "{B3B3B3B3-3333-3333-3333-333333333333}"
EndProject
Project("{2150E333-8FDC-42A3-9474-1A3956D46DE8}") = "Contracts", "Contracts", "{B4B4B4B4-4444-4444-4444-444444444444}"
EndProject
Project("{2150E333-8FDC-42A3-9474-1A3956D46DE8}") = "src", "src", "{827E0CD3-B72D-47B6-A68D-7590B98EB39B}"
EndProject
Project("{2150E333-8FDC-42A3-9474-1A3956D46DE8}") = "BuildingBlocks", "BuildingBlocks", "{90298CBA-BD6F-3A0A-69D5-97CAD7B05E7E}"
EndProject
Project("{FAE04EC0-301F-11D3-BF4B-00C04F79EFBC}") = "Rappix.BuildingBlocks.Core", "src\BuildingBlocks\Rappix.BuildingBlocks.Core\Rappix.BuildingBlocks.Core.csproj", "{D511C912-FE28-44D1-8854-1FBAFC0961F7}"
EndProject
Project("{FAE04EC0-301F-11D3-BF4B-00C04F79EFBC}") = "Rappix.BuildingBlocks.Messaging", "src\BuildingBlocks\Rappix.BuildingBlocks.Messaging\Rappix.BuildingBlocks.Messaging.csproj", "{CE2C5A6B-FE01-4C90-8530-4A4A18A07C52}"
EndProject
Project("{FAE04EC0-301F-11D3-BF4B-00C04F79EFBC}") = "Rappix.BuildingBlocks.Observability", "src\BuildingBlocks\Rappix.BuildingBlocks.Observability\Rappix.BuildingBlocks.Observability.csproj", "{E0001123-ACAA-4B11-8832-11E79D0B2FCD}"
EndProject
Project("{FAE04EC0-301F-11D3-BF4B-00C04F79EFBC}") = "Rappix.BuildingBlocks.WebApi", "src\BuildingBlocks\Rappix.BuildingBlocks.WebApi\Rappix.BuildingBlocks.WebApi.csproj", "{8CF6994D-7067-4164-9B03-5F0D2F1EAFF1}"
EndProject
Project("{2150E333-8FDC-42A3-9474-1A3956D46DE8}") = "Contracts", "Contracts", "{FFBE31B8-50B9-B415-22BC-2F92C97CADA3}"
EndProject
Project("{FAE04EC0-301F-11D3-BF4B-00C04F79EFBC}") = "Rappix.Contracts", "src\Contracts\Rappix.Contracts\Rappix.Contracts.csproj", "{C98329E8-D7A3-4118-94E3-14FFC00C3966}"
EndProject
Project("{2150E333-8FDC-42A3-9474-1A3956D46DE8}") = "Services", "Services", "{984BB9B3-3FA3-BE33-9484-CAC21695A33C}"
EndProject
Project("{2150E333-8FDC-42A3-9474-1A3956D46DE8}") = "Identity", "Identity", "{1BFC9479-12BF-35C3-06B8-42D89D95092B}"
EndProject
Project("{FAE04EC0-301F-11D3-BF4B-00C04F79EFBC}") = "Rappix.Identity.Domain", "src\Services\Identity\Rappix.Identity.Domain\Rappix.Identity.Domain.csproj", "{F648B6AA-8CE7-417B-A4C5-68A3FA560860}"
EndProject
Project("{FAE04EC0-301F-11D3-BF4B-00C04F79EFBC}") = "Rappix.Identity.Application", "src\Services\Identity\Rappix.Identity.Application\Rappix.Identity.Application.csproj", "{70D3C4E9-504C-41ED-8FF5-1C4A3AE5B560}"
EndProject
Project("{FAE04EC0-301F-11D3-BF4B-00C04F79EFBC}") = "Rappix.Identity.Infrastructure", "src\Services\Identity\Rappix.Identity.Infrastructure\Rappix.Identity.Infrastructure.csproj", "{A6F60D3A-EE7C-4E63-80BD-F09BE71BDF38}"
EndProject
Project("{FAE04EC0-301F-11D3-BF4B-00C04F79EFBC}") = "Rappix.Identity.Api", "src\Services\Identity\Rappix.Identity.Api\Rappix.Identity.Api.csproj", "{A24F980A-E094-4CA4-A660-C636DD697CF2}"
EndProject
Project("{FAE04EC0-301F-11D3-BF4B-00C04F79EFBC}") = "Rappix.Identity.Tests", "src\Services\Identity\Rappix.Identity.Tests\Rappix.Identity.Tests.csproj", "{B7BA0832-5CED-4747-93B9-52B6BBF30EA8}"
EndProject
Project("{2150E333-8FDC-42A3-9474-1A3956D46DE8}") = "Merchants", "Merchants", "{BC2EBD3E-4DF8-7319-BAE1-BFEA273E9E93}"
EndProject
Project("{FAE04EC0-301F-11D3-BF4B-00C04F79EFBC}") = "Rappix.Merchants.Domain", "src\Services\Merchants\Rappix.Merchants.Domain\Rappix.Merchants.Domain.csproj", "{CB2D06CC-C186-4DEE-BE4E-35A63C982F60}"
EndProject
Project("{FAE04EC0-301F-11D3-BF4B-00C04F79EFBC}") = "Rappix.Merchants.Application", "src\Services\Merchants\Rappix.Merchants.Application\Rappix.Merchants.Application.csproj", "{5BFC0D09-4E4E-4C7B-984D-CF7BB49A029D}"
EndProject
Project("{FAE04EC0-301F-11D3-BF4B-00C04F79EFBC}") = "Rappix.Merchants.Infrastructure", "src\Services\Merchants\Rappix.Merchants.Infrastructure\Rappix.Merchants.Infrastructure.csproj", "{F1650E3B-0CEA-4023-914F-9AABEB15384D}"
EndProject
Project("{FAE04EC0-301F-11D3-BF4B-00C04F79EFBC}") = "Rappix.Merchants.Api", "src\Services\Merchants\Rappix.Merchants.Api\Rappix.Merchants.Api.csproj", "{95480125-F138-4B74-B939-5040BD694817}"
EndProject
Project("{FAE04EC0-301F-11D3-BF4B-00C04F79EFBC}") = "Rappix.Merchants.Tests", "src\Services\Merchants\Rappix.Merchants.Tests\Rappix.Merchants.Tests.csproj", "{414E9EFD-20DA-4A55-B441-8BD6763A10C9}"
EndProject
Project("{FAE04EC0-301F-11D3-BF4B-00C04F79EFBC}") = "Rappix.BuildingBlocks.Storage", "src\BuildingBlocks\Rappix.BuildingBlocks.Storage\Rappix.BuildingBlocks.Storage.csproj", "{E18B8002-F77A-43D5-92B6-4F1A6AFAB780}"
EndProject
Project("{FAE04EC0-301F-11D3-BF4B-00C04F79EFBC}") = "Rappix.BuildingBlocks.Imaging", "src\BuildingBlocks\Rappix.BuildingBlocks.Imaging\Rappix.BuildingBlocks.Imaging.csproj", "{BECBB3E5-1EFE-4ADE-AAE0-3BFFF653762D}"
EndProject
Project("{2150E333-8FDC-42A3-9474-1A3956D46DE8}") = "Catalog", "Catalog", "{C91C1CF1-1625-0789-F869-53D87D6277BA}"
EndProject
Project("{FAE04EC0-301F-11D3-BF4B-00C04F79EFBC}") = "Rappix.Catalog.Domain", "src\Services\Catalog\Rappix.Catalog.Domain\Rappix.Catalog.Domain.csproj", "{FF0CDEBF-974B-4E40-BE6E-09481EA336D5}"
EndProject
Project("{FAE04EC0-301F-11D3-BF4B-00C04F79EFBC}") = "Rappix.Catalog.Application", "src\Services\Catalog\Rappix.Catalog.Application\Rappix.Catalog.Application.csproj", "{C65B9CA8-C51C-4FA7-993C-42D9926370B1}"
EndProject
Project("{FAE04EC0-301F-11D3-BF4B-00C04F79EFBC}") = "Rappix.Catalog.Infrastructure", "src\Services\Catalog\Rappix.Catalog.Infrastructure\Rappix.Catalog.Infrastructure.csproj", "{879F5A72-2531-422B-BA5A-A997A9472B14}"
EndProject
Project("{FAE04EC0-301F-11D3-BF4B-00C04F79EFBC}") = "Rappix.Catalog.Api", "src\Services\Catalog\Rappix.Catalog.Api\Rappix.Catalog.Api.csproj", "{D0420E90-96C6-4CAB-90C9-6327F0ECFC1E}"
EndProject
Project("{FAE04EC0-301F-11D3-BF4B-00C04F79EFBC}") = "Rappix.Catalog.Tests", "src\Services\Catalog\Rappix.Catalog.Tests\Rappix.Catalog.Tests.csproj", "{79FD6339-D76F-4BDE-BB63-D46A8DE240E1}"
EndProject
Project("{2150E333-8FDC-42A3-9474-1A3956D46DE8}") = "Pricing", "Pricing", "{629250A2-4DA8-8A63-B4B9-ABC581507B44}"
EndProject
Project("{FAE04EC0-301F-11D3-BF4B-00C04F79EFBC}") = "Rappix.Pricing.Domain", "src\Services\Pricing\Rappix.Pricing.Domain\Rappix.Pricing.Domain.csproj", "{40719AFB-5308-4D23-AE26-E48488C9E1EE}"
EndProject
Project("{FAE04EC0-301F-11D3-BF4B-00C04F79EFBC}") = "Rappix.Pricing.Application", "src\Services\Pricing\Rappix.Pricing.Application\Rappix.Pricing.Application.csproj", "{E73EE5A0-B775-49DC-B8B9-71B6A0BBE9A2}"
EndProject
Project("{FAE04EC0-301F-11D3-BF4B-00C04F79EFBC}") = "Rappix.Pricing.Infrastructure", "src\Services\Pricing\Rappix.Pricing.Infrastructure\Rappix.Pricing.Infrastructure.csproj", "{F32B74D4-AF64-41F7-98E7-4A741052E2D2}"
EndProject
Project("{FAE04EC0-301F-11D3-BF4B-00C04F79EFBC}") = "Rappix.Pricing.Api", "src\Services\Pricing\Rappix.Pricing.Api\Rappix.Pricing.Api.csproj", "{9474AC9A-AC90-4201-8177-C4256ECF311E}"
EndProject
Project("{FAE04EC0-301F-11D3-BF4B-00C04F79EFBC}") = "Rappix.Pricing.Tests", "src\Services\Pricing\Rappix.Pricing.Tests\Rappix.Pricing.Tests.csproj", "{4E26B560-31A3-4087-9458-BFA9732FC968}"
EndProject
Project("{2150E333-8FDC-42A3-9474-1A3956D46DE8}") = "Orders", "Orders", "{53A5E032-9A5F-5C5F-4C24-3FD98F4CF9B3}"
EndProject
Project("{FAE04EC0-301F-11D3-BF4B-00C04F79EFBC}") = "Rappix.Orders.Domain", "src\Services\Orders\Rappix.Orders.Domain\Rappix.Orders.Domain.csproj", "{F8519B08-9A06-4707-892A-66B071400569}"
EndProject
Project("{FAE04EC0-301F-11D3-BF4B-00C04F79EFBC}") = "Rappix.Orders.Application", "src\Services\Orders\Rappix.Orders.Application\Rappix.Orders.Application.csproj", "{038C190C-B970-4E01-9E9A-6BB0E2267CD6}"
EndProject
Project("{FAE04EC0-301F-11D3-BF4B-00C04F79EFBC}") = "Rappix.Orders.Infrastructure", "src\Services\Orders\Rappix.Orders.Infrastructure\Rappix.Orders.Infrastructure.csproj", "{2C16924D-D6D5-4165-87BC-20CAAA55196D}"
EndProject
Project("{FAE04EC0-301F-11D3-BF4B-00C04F79EFBC}") = "Rappix.Orders.Api", "src\Services\Orders\Rappix.Orders.Api\Rappix.Orders.Api.csproj", "{7E9440B8-6CB2-4796-A33C-1DB0867D0E7F}"
EndProject
Project("{FAE04EC0-301F-11D3-BF4B-00C04F79EFBC}") = "Rappix.Orders.Tests", "src\Services\Orders\Rappix.Orders.Tests\Rappix.Orders.Tests.csproj", "{7E504D6D-6094-4EAF-A7FC-05F704D1AF23}"
EndProject
Project("{2150E333-8FDC-42A3-9474-1A3956D46DE8}") = "Dispatch", "Dispatch", "{472245DD-0059-22BF-13C0-15A647557FF1}"
EndProject
Project("{FAE04EC0-301F-11D3-BF4B-00C04F79EFBC}") = "Rappix.Dispatch.Domain", "src\Services\Dispatch\Rappix.Dispatch.Domain\Rappix.Dispatch.Domain.csproj", "{B078D301-3D8F-436C-B60C-7713DF02850E}"
EndProject
Project("{FAE04EC0-301F-11D3-BF4B-00C04F79EFBC}") = "Rappix.Dispatch.Application", "src\Services\Dispatch\Rappix.Dispatch.Application\Rappix.Dispatch.Application.csproj", "{BC5B789B-E252-4112-A5B7-42B86311943F}"
EndProject
Project("{FAE04EC0-301F-11D3-BF4B-00C04F79EFBC}") = "Rappix.Dispatch.Infrastructure", "src\Services\Dispatch\Rappix.Dispatch.Infrastructure\Rappix.Dispatch.Infrastructure.csproj", "{7F5B5CE2-AB44-4746-8BA8-52AA7AB63AFF}"
EndProject
Project("{FAE04EC0-301F-11D3-BF4B-00C04F79EFBC}") = "Rappix.Dispatch.Api", "src\Services\Dispatch\Rappix.Dispatch.Api\Rappix.Dispatch.Api.csproj", "{EFDA7986-2834-4F05-93DA-0F7B97C185E2}"
EndProject
Project("{FAE04EC0-301F-11D3-BF4B-00C04F79EFBC}") = "Rappix.Dispatch.Tests", "src\Services\Dispatch\Rappix.Dispatch.Tests\Rappix.Dispatch.Tests.csproj", "{83914BFA-B553-4A69-98A0-2A18F172116E}"
EndProject
Project("{2150E333-8FDC-42A3-9474-1A3956D46DE8}") = "Tracking", "Tracking", "{0A1F7879-590A-F8B1-CE2F-559D3ED32DE5}"
EndProject
Project("{FAE04EC0-301F-11D3-BF4B-00C04F79EFBC}") = "Rappix.Tracking.Domain", "src\Services\Tracking\Rappix.Tracking.Domain\Rappix.Tracking.Domain.csproj", "{464C13B0-00C0-474E-BAA7-3723DB04A3F7}"
EndProject
Project("{FAE04EC0-301F-11D3-BF4B-00C04F79EFBC}") = "Rappix.Tracking.Application", "src\Services\Tracking\Rappix.Tracking.Application\Rappix.Tracking.Application.csproj", "{CC259571-F36F-4892-94CD-C8D201048B3F}"
EndProject
Project("{FAE04EC0-301F-11D3-BF4B-00C04F79EFBC}") = "Rappix.Tracking.Infrastructure", "src\Services\Tracking\Rappix.Tracking.Infrastructure\Rappix.Tracking.Infrastructure.csproj", "{C2CB175E-FD89-481C-81FB-6F34B4BEF24A}"
EndProject
Project("{FAE04EC0-301F-11D3-BF4B-00C04F79EFBC}") = "Rappix.Tracking.Api", "src\Services\Tracking\Rappix.Tracking.Api\Rappix.Tracking.Api.csproj", "{6CC09FF7-B0C0-4AF7-BEBA-E461C8792572}"
EndProject
Project("{FAE04EC0-301F-11D3-BF4B-00C04F79EFBC}") = "Rappix.Tracking.Tests", "src\Services\Tracking\Rappix.Tracking.Tests\Rappix.Tracking.Tests.csproj", "{45051732-5BF3-47B4-A0BA-B7ADC9AB43BD}"
EndProject
Project("{2150E333-8FDC-42A3-9474-1A3956D46DE8}") = "Payments", "Payments", "{5D0AC027-C8EE-3244-A029-36278C99F1B8}"
EndProject
Project("{FAE04EC0-301F-11D3-BF4B-00C04F79EFBC}") = "Rappix.Payments.Domain", "src\Services\Payments\Rappix.Payments.Domain\Rappix.Payments.Domain.csproj", "{E53420D4-472E-4AE9-A342-C02E646551A3}"
EndProject
Project("{FAE04EC0-301F-11D3-BF4B-00C04F79EFBC}") = "Rappix.Payments.Application", "src\Services\Payments\Rappix.Payments.Application\Rappix.Payments.Application.csproj", "{BDF20F66-05D2-4107-9FEA-DBC3DC30C08D}"
EndProject
Project("{FAE04EC0-301F-11D3-BF4B-00C04F79EFBC}") = "Rappix.Payments.Infrastructure", "src\Services\Payments\Rappix.Payments.Infrastructure\Rappix.Payments.Infrastructure.csproj", "{160A5F00-92D2-4238-BDB5-4A0F0A8287B6}"
EndProject
Project("{FAE04EC0-301F-11D3-BF4B-00C04F79EFBC}") = "Rappix.Payments.Api", "src\Services\Payments\Rappix.Payments.Api\Rappix.Payments.Api.csproj", "{E9694965-E8CD-48BF-9208-1ED2A7DC0DC7}"
EndProject
Project("{FAE04EC0-301F-11D3-BF4B-00C04F79EFBC}") = "Rappix.Payments.Tests", "src\Services\Payments\Rappix.Payments.Tests\Rappix.Payments.Tests.csproj", "{44230BF4-FF9A-485C-810A-FCA7D20A1188}"
EndProject
Project("{2150E333-8FDC-42A3-9474-1A3956D46DE8}") = "Notifications", "Notifications", "{C30EA34C-96E3-EEAB-A84E-085AED71DD06}"
EndProject
Project("{FAE04EC0-301F-11D3-BF4B-00C04F79EFBC}") = "Rappix.Notifications.Domain", "src\Services\Notifications\Rappix.Notifications.Domain\Rappix.Notifications.Domain.csproj", "{854C8E06-D294-494C-A7DA-67D43EA791FA}"
EndProject
Project("{FAE04EC0-301F-11D3-BF4B-00C04F79EFBC}") = "Rappix.Notifications.Application", "src\Services\Notifications\Rappix.Notifications.Application\Rappix.Notifications.Application.csproj", "{BD52DA7E-35F5-4A68-9EDE-E136776FDF19}"
EndProject
Project("{FAE04EC0-301F-11D3-BF4B-00C04F79EFBC}") = "Rappix.Notifications.Infrastructure", "src\Services\Notifications\Rappix.Notifications.Infrastructure\Rappix.Notifications.Infrastructure.csproj", "{0129C78D-B886-48BE-8D6B-26F4291FF733}"
EndProject
Project("{FAE04EC0-301F-11D3-BF4B-00C04F79EFBC}") = "Rappix.Notifications.Api", "src\Services\Notifications\Rappix.Notifications.Api\Rappix.Notifications.Api.csproj", "{BB3013EA-BDCE-4CB3-982B-7B1940B6BD5C}"
EndProject
Project("{FAE04EC0-301F-11D3-BF4B-00C04F79EFBC}") = "Rappix.Notifications.Tests", "src\Services\Notifications\Rappix.Notifications.Tests\Rappix.Notifications.Tests.csproj", "{BB1F0ED2-D2EB-41CB-9B23-A619525FE6CA}"
EndProject
Project("{FAE04EC0-301F-11D3-BF4B-00C04F79EFBC}") = "Rappix.Gateway.Api", "src\ApiGateway\Rappix.Gateway.Api\Rappix.Gateway.Api.csproj", "{1CF2A666-DC9C-4C27-A5F3-FBC711F88D96}"
EndProject
Project("{FAE04EC0-301F-11D3-BF4B-00C04F79EFBC}") = "Rappix.Gateway.Tests", "src\ApiGateway\Rappix.Gateway.Tests\Rappix.Gateway.Tests.csproj", "{E754EC92-A6A9-4324-A326-F1568ADF0BDC}"
EndProject
Global
	GlobalSection(SolutionConfigurationPlatforms) = preSolution
		Debug|Any CPU = Debug|Any CPU
		Debug|x64 = Debug|x64
		Debug|x86 = Debug|x86
		Release|Any CPU = Release|Any CPU
		Release|x64 = Release|x64
		Release|x86 = Release|x86
	EndGlobalSection
	GlobalSection(ProjectConfigurationPlatforms) = postSolution
		{D511C912-FE28-44D1-8854-1FBAFC0961F7}.Debug|Any CPU.ActiveCfg = Debug|Any CPU
		{D511C912-FE28-44D1-8854-1FBAFC0961F7}.Debug|Any CPU.Build.0 = Debug|Any CPU
		{D511C912-FE28-44D1-8854-1FBAFC0961F7}.Debug|x64.ActiveCfg = Debug|Any CPU
		{D511C912-FE28-44D1-8854-1FBAFC0961F7}.Debug|x64.Build.0 = Debug|Any CPU
		{D511C912-FE28-44D1-8854-1FBAFC0961F7}.Debug|x86.ActiveCfg = Debug|Any CPU
		{D511C912-FE28-44D1-8854-1FBAFC0961F7}.Debug|x86.Build.0 = Debug|Any CPU
		{D511C912-FE28-44D1-8854-1FBAFC0961F7}.Release|Any CPU.ActiveCfg = Release|Any CPU
		{D511C912-FE28-44D1-8854-1FBAFC0961F7}.Release|Any CPU.Build.0 = Release|Any CPU
		{D511C912-FE28-44D1-8854-1FBAFC0961F7}.Release|x64.ActiveCfg = Release|Any CPU
		{D511C912-FE28-44D1-8854-1FBAFC0961F7}.Release|x64.Build.0 = Release|Any CPU
		{D511C912-FE28-44D1-8854-1FBAFC0961F7}.Release|x86.ActiveCfg = Release|Any CPU
		{D511C912-FE28-44D1-8854-1FBAFC0961F7}.Release|x86.Build.0 = Release|Any CPU
		{CE2C5A6B-FE01-4C90-8530-4A4A18A07C52}.Debug|Any CPU.ActiveCfg = Debug|Any CPU
		{CE2C5A6B-FE01-4C90-8530-4A4A18A07C52}.Debug|Any CPU.Build.0 = Debug|Any CPU
		{CE2C5A6B-FE01-4C90-8530-4A4A18A07C52}.Debug|x64.ActiveCfg = Debug|Any CPU
		{CE2C5A6B-FE01-4C90-8530-4A4A18A07C52}.Debug|x64.Build.0 = Debug|Any CPU
		{CE2C5A6B-FE01-4C90-8530-4A4A18A07C52}.Debug|x86.ActiveCfg = Debug|Any CPU
		{CE2C5A6B-FE01-4C90-8530-4A4A18A07C52}.Debug|x86.Build.0 = Debug|Any CPU
		{CE2C5A6B-FE01-4C90-8530-4A4A18A07C52}.Release|Any CPU.ActiveCfg = Release|Any CPU
		{CE2C5A6B-FE01-4C90-8530-4A4A18A07C52}.Release|Any CPU.Build.0 = Release|Any CPU
		{CE2C5A6B-FE01-4C90-8530-4A4A18A07C52}.Release|x64.ActiveCfg = Release|Any CPU
		{CE2C5A6B-FE01-4C90-8530-4A4A18A07C52}.Release|x64.Build.0 = Release|Any CPU
		{CE2C5A6B-FE01-4C90-8530-4A4A18A07C52}.Release|x86.ActiveCfg = Release|Any CPU
		{CE2C5A6B-FE01-4C90-8530-4A4A18A07C52}.Release|x86.Build.0 = Release|Any CPU
		{E0001123-ACAA-4B11-8832-11E79D0B2FCD}.Debug|Any CPU.ActiveCfg = Debug|Any CPU
		{E0001123-ACAA-4B11-8832-11E79D0B2FCD}.Debug|Any CPU.Build.0 = Debug|Any CPU
		{E0001123-ACAA-4B11-8832-11E79D0B2FCD}.Debug|x64.ActiveCfg = Debug|Any CPU
		{E0001123-ACAA-4B11-8832-11E79D0B2FCD}.Debug|x64.Build.0 = Debug|Any CPU
		{E0001123-ACAA-4B11-8832-11E79D0B2FCD}.Debug|x86.ActiveCfg = Debug|Any CPU
		{E0001123-ACAA-4B11-8832-11E79D0B2FCD}.Debug|x86.Build.0 = Debug|Any CPU
		{E0001123-ACAA-4B11-8832-11E79D0B2FCD}.Release|Any CPU.ActiveCfg = Release|Any CPU
		{E0001123-ACAA-4B11-8832-11E79D0B2FCD}.Release|Any CPU.Build.0 = Release|Any CPU
		{E0001123-ACAA-4B11-8832-11E79D0B2FCD}.Release|x64.ActiveCfg = Release|Any CPU
		{E0001123-ACAA-4B11-8832-11E79D0B2FCD}.Release|x64.Build.0 = Release|Any CPU
		{E0001123-ACAA-4B11-8832-11E79D0B2FCD}.Release|x86.ActiveCfg = Release|Any CPU
		{E0001123-ACAA-4B11-8832-11E79D0B2FCD}.Release|x86.Build.0 = Release|Any CPU
		{8CF6994D-7067-4164-9B03-5F0D2F1EAFF1}.Debug|Any CPU.ActiveCfg = Debug|Any CPU
		{8CF6994D-7067-4164-9B03-5F0D2F1EAFF1}.Debug|Any CPU.Build.0 = Debug|Any CPU
		{8CF6994D-7067-4164-9B03-5F0D2F1EAFF1}.Debug|x64.ActiveCfg = Debug|Any CPU
		{8CF6994D-7067-4164-9B03-5F0D2F1EAFF1}.Debug|x64.Build.0 = Debug|Any CPU
		{8CF6994D-7067-4164-9B03-5F0D2F1EAFF1}.Debug|x86.ActiveCfg = Debug|Any CPU
		{8CF6994D-7067-4164-9B03-5F0D2F1EAFF1}.Debug|x86.Build.0 = Debug|Any CPU
		{8CF6994D-7067-4164-9B03-5F0D2F1EAFF1}.Release|Any CPU.ActiveCfg = Release|Any CPU
		{8CF6994D-7067-4164-9B03-5F0D2F1EAFF1}.Release|Any CPU.Build.0 = Release|Any CPU
		{8CF6994D-7067-4164-9B03-5F0D2F1EAFF1}.Release|x64.ActiveCfg = Release|Any CPU
		{8CF6994D-7067-4164-9B03-5F0D2F1EAFF1}.Release|x64.Build.0 = Release|Any CPU
		{8CF6994D-7067-4164-9B03-5F0D2F1EAFF1}.Release|x86.ActiveCfg = Release|Any CPU
		{8CF6994D-7067-4164-9B03-5F0D2F1EAFF1}.Release|x86.Build.0 = Release|Any CPU
		{C98329E8-D7A3-4118-94E3-14FFC00C3966}.Debug|Any CPU.ActiveCfg = Debug|Any CPU
		{C98329E8-D7A3-4118-94E3-14FFC00C3966}.Debug|Any CPU.Build.0 = Debug|Any CPU
		{C98329E8-D7A3-4118-94E3-14FFC00C3966}.Debug|x64.ActiveCfg = Debug|Any CPU
		{C98329E8-D7A3-4118-94E3-14FFC00C3966}.Debug|x64.Build.0 = Debug|Any CPU
		{C98329E8-D7A3-4118-94E3-14FFC00C3966}.Debug|x86.ActiveCfg = Debug|Any CPU
		{C98329E8-D7A3-4118-94E3-14FFC00C3966}.Debug|x86.Build.0 = Debug|Any CPU
		{C98329E8-D7A3-4118-94E3-14FFC00C3966}.Release|Any CPU.ActiveCfg = Release|Any CPU
		{C98329E8-D7A3-4118-94E3-14FFC00C3966}.Release|Any CPU.Build.0 = Release|Any CPU
		{C98329E8-D7A3-4118-94E3-14FFC00C3966}.Release|x64.ActiveCfg = Release|Any CPU
		{C98329E8-D7A3-4118-94E3-14FFC00C3966}.Release|x64.Build.0 = Release|Any CPU
		{C98329E8-D7A3-4118-94E3-14FFC00C3966}.Release|x86.ActiveCfg = Release|Any CPU
		{C98329E8-D7A3-4118-94E3-14FFC00C3966}.Release|x86.Build.0 = Release|Any CPU
		{F648B6AA-8CE7-417B-A4C5-68A3FA560860}.Debug|Any CPU.ActiveCfg = Debug|Any CPU
		{F648B6AA-8CE7-417B-A4C5-68A3FA560860}.Debug|Any CPU.Build.0 = Debug|Any CPU
		{F648B6AA-8CE7-417B-A4C5-68A3FA560860}.Debug|x64.ActiveCfg = Debug|Any CPU
		{F648B6AA-8CE7-417B-A4C5-68A3FA560860}.Debug|x64.Build.0 = Debug|Any CPU
		{F648B6AA-8CE7-417B-A4C5-68A3FA560860}.Debug|x86.ActiveCfg = Debug|Any CPU
		{F648B6AA-8CE7-417B-A4C5-68A3FA560860}.Debug|x86.Build.0 = Debug|Any CPU
		{F648B6AA-8CE7-417B-A4C5-68A3FA560860}.Release|Any CPU.ActiveCfg = Release|Any CPU
		{F648B6AA-8CE7-417B-A4C5-68A3FA560860}.Release|Any CPU.Build.0 = Release|Any CPU
		{F648B6AA-8CE7-417B-A4C5-68A3FA560860}.Release|x64.ActiveCfg = Release|Any CPU
		{F648B6AA-8CE7-417B-A4C5-68A3FA560860}.Release|x64.Build.0 = Release|Any CPU
		{F648B6AA-8CE7-417B-A4C5-68A3FA560860}.Release|x86.ActiveCfg = Release|Any CPU
		{F648B6AA-8CE7-417B-A4C5-68A3FA560860}.Release|x86.Build.0 = Release|Any CPU
		{70D3C4E9-504C-41ED-8FF5-1C4A3AE5B560}.Debug|Any CPU.ActiveCfg = Debug|Any CPU
		{70D3C4E9-504C-41ED-8FF5-1C4A3AE5B560}.Debug|Any CPU.Build.0 = Debug|Any CPU
		{70D3C4E9-504C-41ED-8FF5-1C4A3AE5B560}.Debug|x64.ActiveCfg = Debug|Any CPU
		{70D3C4E9-504C-41ED-8FF5-1C4A3AE5B560}.Debug|x64.Build.0 = Debug|Any CPU
		{70D3C4E9-504C-41ED-8FF5-1C4A3AE5B560}.Debug|x86.ActiveCfg = Debug|Any CPU
		{70D3C4E9-504C-41ED-8FF5-1C4A3AE5B560}.Debug|x86.Build.0 = Debug|Any CPU
		{70D3C4E9-504C-41ED-8FF5-1C4A3AE5B560}.Release|Any CPU.ActiveCfg = Release|Any CPU
		{70D3C4E9-504C-41ED-8FF5-1C4A3AE5B560}.Release|Any CPU.Build.0 = Release|Any CPU
		{70D3C4E9-504C-41ED-8FF5-1C4A3AE5B560}.Release|x64.ActiveCfg = Release|Any CPU
		{70D3C4E9-504C-41ED-8FF5-1C4A3AE5B560}.Release|x64.Build.0 = Release|Any CPU
		{70D3C4E9-504C-41ED-8FF5-1C4A3AE5B560}.Release|x86.ActiveCfg = Release|Any CPU
		{70D3C4E9-504C-41ED-8FF5-1C4A3AE5B560}.Release|x86.Build.0 = Release|Any CPU
		{A6F60D3A-EE7C-4E63-80BD-F09BE71BDF38}.Debug|Any CPU.ActiveCfg = Debug|Any CPU
		{A6F60D3A-EE7C-4E63-80BD-F09BE71BDF38}.Debug|Any CPU.Build.0 = Debug|Any CPU
		{A6F60D3A-EE7C-4E63-80BD-F09BE71BDF38}.Debug|x64.ActiveCfg = Debug|Any CPU
		{A6F60D3A-EE7C-4E63-80BD-F09BE71BDF38}.Debug|x64.Build.0 = Debug|Any CPU
		{A6F60D3A-EE7C-4E63-80BD-F09BE71BDF38}.Debug|x86.ActiveCfg = Debug|Any CPU
		{A6F60D3A-EE7C-4E63-80BD-F09BE71BDF38}.Debug|x86.Build.0 = Debug|Any CPU
		{A6F60D3A-EE7C-4E63-80BD-F09BE71BDF38}.Release|Any CPU.ActiveCfg = Release|Any CPU
		{A6F60D3A-EE7C-4E63-80BD-F09BE71BDF38}.Release|Any CPU.Build.0 = Release|Any CPU
		{A6F60D3A-EE7C-4E63-80BD-F09BE71BDF38}.Release|x64.ActiveCfg = Release|Any CPU
		{A6F60D3A-EE7C-4E63-80BD-F09BE71BDF38}.Release|x64.Build.0 = Release|Any CPU
		{A6F60D3A-EE7C-4E63-80BD-F09BE71BDF38}.Release|x86.ActiveCfg = Release|Any CPU
		{A6F60D3A-EE7C-4E63-80BD-F09BE71BDF38}.Release|x86.Build.0 = Release|Any CPU
		{A24F980A-E094-4CA4-A660-C636DD697CF2}.Debug|Any CPU.ActiveCfg = Debug|Any CPU
		{A24F980A-E094-4CA4-A660-C636DD697CF2}.Debug|Any CPU.Build.0 = Debug|Any CPU
		{A24F980A-E094-4CA4-A660-C636DD697CF2}.Debug|x64.ActiveCfg = Debug|Any CPU
		{A24F980A-E094-4CA4-A660-C636DD697CF2}.Debug|x64.Build.0 = Debug|Any CPU
		{A24F980A-E094-4CA4-A660-C636DD697CF2}.Debug|x86.ActiveCfg = Debug|Any CPU
		{A24F980A-E094-4CA4-A660-C636DD697CF2}.Debug|x86.Build.0 = Debug|Any CPU
		{A24F980A-E094-4CA4-A660-C636DD697CF2}.Release|Any CPU.ActiveCfg = Release|Any CPU
		{A24F980A-E094-4CA4-A660-C636DD697CF2}.Release|Any CPU.Build.0 = Release|Any CPU
		{A24F980A-E094-4CA4-A660-C636DD697CF2}.Release|x64.ActiveCfg = Release|Any CPU
		{A24F980A-E094-4CA4-A660-C636DD697CF2}.Release|x64.Build.0 = Release|Any CPU
		{A24F980A-E094-4CA4-A660-C636DD697CF2}.Release|x86.ActiveCfg = Release|Any CPU
		{A24F980A-E094-4CA4-A660-C636DD697CF2}.Release|x86.Build.0 = Release|Any CPU
		{B7BA0832-5CED-4747-93B9-52B6BBF30EA8}.Debug|Any CPU.ActiveCfg = Debug|Any CPU
		{B7BA0832-5CED-4747-93B9-52B6BBF30EA8}.Debug|Any CPU.Build.0 = Debug|Any CPU
		{B7BA0832-5CED-4747-93B9-52B6BBF30EA8}.Debug|x64.ActiveCfg = Debug|Any CPU
		{B7BA0832-5CED-4747-93B9-52B6BBF30EA8}.Debug|x64.Build.0 = Debug|Any CPU
		{B7BA0832-5CED-4747-93B9-52B6BBF30EA8}.Debug|x86.ActiveCfg = Debug|Any CPU
		{B7BA0832-5CED-4747-93B9-52B6BBF30EA8}.Debug|x86.Build.0 = Debug|Any CPU
		{B7BA0832-5CED-4747-93B9-52B6BBF30EA8}.Release|Any CPU.ActiveCfg = Release|Any CPU
		{B7BA0832-5CED-4747-93B9-52B6BBF30EA8}.Release|Any CPU.Build.0 = Release|Any CPU
		{B7BA0832-5CED-4747-93B9-52B6BBF30EA8}.Release|x64.ActiveCfg = Release|Any CPU
		{B7BA0832-5CED-4747-93B9-52B6BBF30EA8}.Release|x64.Build.0 = Release|Any CPU
		{B7BA0832-5CED-4747-93B9-52B6BBF30EA8}.Release|x86.ActiveCfg = Release|Any CPU
		{B7BA0832-5CED-4747-93B9-52B6BBF30EA8}.Release|x86.Build.0 = Release|Any CPU
		{CB2D06CC-C186-4DEE-BE4E-35A63C982F60}.Debug|Any CPU.ActiveCfg = Debug|Any CPU
		{CB2D06CC-C186-4DEE-BE4E-35A63C982F60}.Debug|Any CPU.Build.0 = Debug|Any CPU
		{CB2D06CC-C186-4DEE-BE4E-35A63C982F60}.Debug|x64.ActiveCfg = Debug|Any CPU
		{CB2D06CC-C186-4DEE-BE4E-35A63C982F60}.Debug|x64.Build.0 = Debug|Any CPU
		{CB2D06CC-C186-4DEE-BE4E-35A63C982F60}.Debug|x86.ActiveCfg = Debug|Any CPU
		{CB2D06CC-C186-4DEE-BE4E-35A63C982F60}.Debug|x86.Build.0 = Debug|Any CPU
		{CB2D06CC-C186-4DEE-BE4E-35A63C982F60}.Release|Any CPU.ActiveCfg = Release|Any CPU
		{CB2D06CC-C186-4DEE-BE4E-35A63C982F60}.Release|Any CPU.Build.0 = Release|Any CPU
		{CB2D06CC-C186-4DEE-BE4E-35A63C982F60}.Release|x64.ActiveCfg = Release|Any CPU
		{CB2D06CC-C186-4DEE-BE4E-35A63C982F60}.Release|x64.Build.0 = Release|Any CPU
		{CB2D06CC-C186-4DEE-BE4E-35A63C982F60}.Release|x86.ActiveCfg = Release|Any CPU
		{CB2D06CC-C186-4DEE-BE4E-35A63C982F60}.Release|x86.Build.0 = Release|Any CPU
		{5BFC0D09-4E4E-4C7B-984D-CF7BB49A029D}.Debug|Any CPU.ActiveCfg = Debug|Any CPU
		{5BFC0D09-4E4E-4C7B-984D-CF7BB49A029D}.Debug|Any CPU.Build.0 = Debug|Any CPU
		{5BFC0D09-4E4E-4C7B-984D-CF7BB49A029D}.Debug|x64.ActiveCfg = Debug|Any CPU
		{5BFC0D09-4E4E-4C7B-984D-CF7BB49A029D}.Debug|x64.Build.0 = Debug|Any CPU
		{5BFC0D09-4E4E-4C7B-984D-CF7BB49A029D}.Debug|x86.ActiveCfg = Debug|Any CPU
		{5BFC0D09-4E4E-4C7B-984D-CF7BB49A029D}.Debug|x86.Build.0 = Debug|Any CPU
		{5BFC0D09-4E4E-4C7B-984D-CF7BB49A029D}.Release|Any CPU.ActiveCfg = Release|Any CPU
		{5BFC0D09-4E4E-4C7B-984D-CF7BB49A029D}.Release|Any CPU.Build.0 = Release|Any CPU
		{5BFC0D09-4E4E-4C7B-984D-CF7BB49A029D}.Release|x64.ActiveCfg = Release|Any CPU
		{5BFC0D09-4E4E-4C7B-984D-CF7BB49A029D}.Release|x64.Build.0 = Release|Any CPU
		{5BFC0D09-4E4E-4C7B-984D-CF7BB49A029D}.Release|x86.ActiveCfg = Release|Any CPU
		{5BFC0D09-4E4E-4C7B-984D-CF7BB49A029D}.Release|x86.Build.0 = Release|Any CPU
		{F1650E3B-0CEA-4023-914F-9AABEB15384D}.Debug|Any CPU.ActiveCfg = Debug|Any CPU
		{F1650E3B-0CEA-4023-914F-9AABEB15384D}.Debug|Any CPU.Build.0 = Debug|Any CPU
		{F1650E3B-0CEA-4023-914F-9AABEB15384D}.Debug|x64.ActiveCfg = Debug|Any CPU
		{F1650E3B-0CEA-4023-914F-9AABEB15384D}.Debug|x64.Build.0 = Debug|Any CPU
		{F1650E3B-0CEA-4023-914F-9AABEB15384D}.Debug|x86.ActiveCfg = Debug|Any CPU
		{F1650E3B-0CEA-4023-914F-9AABEB15384D}.Debug|x86.Build.0 = Debug|Any CPU
		{F1650E3B-0CEA-4023-914F-9AABEB15384D}.Release|Any CPU.ActiveCfg = Release|Any CPU
		{F1650E3B-0CEA-4023-914F-9AABEB15384D}.Release|Any CPU.Build.0 = Release|Any CPU
		{F1650E3B-0CEA-4023-914F-9AABEB15384D}.Release|x64.ActiveCfg = Release|Any CPU
		{F1650E3B-0CEA-4023-914F-9AABEB15384D}.Release|x64.Build.0 = Release|Any CPU
		{F1650E3B-0CEA-4023-914F-9AABEB15384D}.Release|x86.ActiveCfg = Release|Any CPU
		{F1650E3B-0CEA-4023-914F-9AABEB15384D}.Release|x86.Build.0 = Release|Any CPU
		{95480125-F138-4B74-B939-5040BD694817}.Debug|Any CPU.ActiveCfg = Debug|Any CPU
		{95480125-F138-4B74-B939-5040BD694817}.Debug|Any CPU.Build.0 = Debug|Any CPU
		{95480125-F138-4B74-B939-5040BD694817}.Debug|x64.ActiveCfg = Debug|Any CPU
		{95480125-F138-4B74-B939-5040BD694817}.Debug|x64.Build.0 = Debug|Any CPU
		{95480125-F138-4B74-B939-5040BD694817}.Debug|x86.ActiveCfg = Debug|Any CPU
		{95480125-F138-4B74-B939-5040BD694817}.Debug|x86.Build.0 = Debug|Any CPU
		{95480125-F138-4B74-B939-5040BD694817}.Release|Any CPU.ActiveCfg = Release|Any CPU
		{95480125-F138-4B74-B939-5040BD694817}.Release|Any CPU.Build.0 = Release|Any CPU
		{95480125-F138-4B74-B939-5040BD694817}.Release|x64.ActiveCfg = Release|Any CPU
		{95480125-F138-4B74-B939-5040BD694817}.Release|x64.Build.0 = Release|Any CPU
		{95480125-F138-4B74-B939-5040BD694817}.Release|x86.ActiveCfg = Release|Any CPU
		{95480125-F138-4B74-B939-5040BD694817}.Release|x86.Build.0 = Release|Any CPU
		{414E9EFD-20DA-4A55-B441-8BD6763A10C9}.Debug|Any CPU.ActiveCfg = Debug|Any CPU
		{414E9EFD-20DA-4A55-B441-8BD6763A10C9}.Debug|Any CPU.Build.0 = Debug|Any CPU
		{414E9EFD-20DA-4A55-B441-8BD6763A10C9}.Debug|x64.ActiveCfg = Debug|Any CPU
		{414E9EFD-20DA-4A55-B441-8BD6763A10C9}.Debug|x64.Build.0 = Debug|Any CPU
		{414E9EFD-20DA-4A55-B441-8BD6763A10C9}.Debug|x86.ActiveCfg = Debug|Any CPU
		{414E9EFD-20DA-4A55-B441-8BD6763A10C9}.Debug|x86.Build.0 = Debug|Any CPU
		{414E9EFD-20DA-4A55-B441-8BD6763A10C9}.Release|Any CPU.ActiveCfg = Release|Any CPU
		{414E9EFD-20DA-4A55-B441-8BD6763A10C9}.Release|Any CPU.Build.0 = Release|Any CPU
		{414E9EFD-20DA-4A55-B441-8BD6763A10C9}.Release|x64.ActiveCfg = Release|Any CPU
		{414E9EFD-20DA-4A55-B441-8BD6763A10C9}.Release|x64.Build.0 = Release|Any CPU
		{414E9EFD-20DA-4A55-B441-8BD6763A10C9}.Release|x86.ActiveCfg = Release|Any CPU
		{414E9EFD-20DA-4A55-B441-8BD6763A10C9}.Release|x86.Build.0 = Release|Any CPU
		{E18B8002-F77A-43D5-92B6-4F1A6AFAB780}.Debug|Any CPU.ActiveCfg = Debug|Any CPU
		{E18B8002-F77A-43D5-92B6-4F1A6AFAB780}.Debug|Any CPU.Build.0 = Debug|Any CPU
		{E18B8002-F77A-43D5-92B6-4F1A6AFAB780}.Debug|x64.ActiveCfg = Debug|Any CPU
		{E18B8002-F77A-43D5-92B6-4F1A6AFAB780}.Debug|x64.Build.0 = Debug|Any CPU
		{E18B8002-F77A-43D5-92B6-4F1A6AFAB780}.Debug|x86.ActiveCfg = Debug|Any CPU
		{E18B8002-F77A-43D5-92B6-4F1A6AFAB780}.Debug|x86.Build.0 = Debug|Any CPU
		{E18B8002-F77A-43D5-92B6-4F1A6AFAB780}.Release|Any CPU.ActiveCfg = Release|Any CPU
		{E18B8002-F77A-43D5-92B6-4F1A6AFAB780}.Release|Any CPU.Build.0 = Release|Any CPU
		{E18B8002-F77A-43D5-92B6-4F1A6AFAB780}.Release|x64.ActiveCfg = Release|Any CPU
		{E18B8002-F77A-43D5-92B6-4F1A6AFAB780}.Release|x64.Build.0 = Release|Any CPU
		{E18B8002-F77A-43D5-92B6-4F1A6AFAB780}.Release|x86.ActiveCfg = Release|Any CPU
		{E18B8002-F77A-43D5-92B6-4F1A6AFAB780}.Release|x86.Build.0 = Release|Any CPU
		{BECBB3E5-1EFE-4ADE-AAE0-3BFFF653762D}.Debug|Any CPU.ActiveCfg = Debug|Any CPU
		{BECBB3E5-1EFE-4ADE-AAE0-3BFFF653762D}.Debug|Any CPU.Build.0 = Debug|Any CPU
		{BECBB3E5-1EFE-4ADE-AAE0-3BFFF653762D}.Debug|x64.ActiveCfg = Debug|Any CPU
		{BECBB3E5-1EFE-4ADE-AAE0-3BFFF653762D}.Debug|x64.Build.0 = Debug|Any CPU
		{BECBB3E5-1EFE-4ADE-AAE0-3BFFF653762D}.Debug|x86.ActiveCfg = Debug|Any CPU
		{BECBB3E5-1EFE-4ADE-AAE0-3BFFF653762D}.Debug|x86.Build.0 = Debug|Any CPU
		{BECBB3E5-1EFE-4ADE-AAE0-3BFFF653762D}.Release|Any CPU.ActiveCfg = Release|Any CPU
		{BECBB3E5-1EFE-4ADE-AAE0-3BFFF653762D}.Release|Any CPU.Build.0 = Release|Any CPU
		{BECBB3E5-1EFE-4ADE-AAE0-3BFFF653762D}.Release|x64.ActiveCfg = Release|Any CPU
		{BECBB3E5-1EFE-4ADE-AAE0-3BFFF653762D}.Release|x64.Build.0 = Release|Any CPU
		{BECBB3E5-1EFE-4ADE-AAE0-3BFFF653762D}.Release|x86.ActiveCfg = Release|Any CPU
		{BECBB3E5-1EFE-4ADE-AAE0-3BFFF653762D}.Release|x86.Build.0 = Release|Any CPU
		{FF0CDEBF-974B-4E40-BE6E-09481EA336D5}.Debug|Any CPU.ActiveCfg = Debug|Any CPU
		{FF0CDEBF-974B-4E40-BE6E-09481EA336D5}.Debug|Any CPU.Build.0 = Debug|Any CPU
		{FF0CDEBF-974B-4E40-BE6E-09481EA336D5}.Debug|x64.ActiveCfg = Debug|Any CPU
		{FF0CDEBF-974B-4E40-BE6E-09481EA336D5}.Debug|x64.Build.0 = Debug|Any CPU
		{FF0CDEBF-974B-4E40-BE6E-09481EA336D5}.Debug|x86.ActiveCfg = Debug|Any CPU
		{FF0CDEBF-974B-4E40-BE6E-09481EA336D5}.Debug|x86.Build.0 = Debug|Any CPU
		{FF0CDEBF-974B-4E40-BE6E-09481EA336D5}.Release|Any CPU.ActiveCfg = Release|Any CPU
		{FF0CDEBF-974B-4E40-BE6E-09481EA336D5}.Release|Any CPU.Build.0 = Release|Any CPU
		{FF0CDEBF-974B-4E40-BE6E-09481EA336D5}.Release|x64.ActiveCfg = Release|Any CPU
		{FF0CDEBF-974B-4E40-BE6E-09481EA336D5}.Release|x64.Build.0 = Release|Any CPU
		{FF0CDEBF-974B-4E40-BE6E-09481EA336D5}.Release|x86.ActiveCfg = Release|Any CPU
		{FF0CDEBF-974B-4E40-BE6E-09481EA336D5}.Release|x86.Build.0 = Release|Any CPU
		{C65B9CA8-C51C-4FA7-993C-42D9926370B1}.Debug|Any CPU.ActiveCfg = Debug|Any CPU
		{C65B9CA8-C51C-4FA7-993C-42D9926370B1}.Debug|Any CPU.Build.0 = Debug|Any CPU
		{C65B9CA8-C51C-4FA7-993C-42D9926370B1}.Debug|x64.ActiveCfg = Debug|Any CPU
		{C65B9CA8-C51C-4FA7-993C-42D9926370B1}.Debug|x64.Build.0 = Debug|Any CPU
		{C65B9CA8-C51C-4FA7-993C-42D9926370B1}.Debug|x86.ActiveCfg = Debug|Any CPU
		{C65B9CA8-C51C-4FA7-993C-42D9926370B1}.Debug|x86.Build.0 = Debug|Any CPU
		{C65B9CA8-C51C-4FA7-993C-42D9926370B1}.Release|Any CPU.ActiveCfg = Release|Any CPU
		{C65B9CA8-C51C-4FA7-993C-42D9926370B1}.Release|Any CPU.Build.0 = Release|Any CPU
		{C65B9CA8-C51C-4FA7-993C-42D9926370B1}.Release|x64.ActiveCfg = Release|Any CPU
		{C65B9CA8-C51C-4FA7-993C-42D9926370B1}.Release|x64.Build.0 = Release|Any CPU
		{C65B9CA8-C51C-4FA7-993C-42D9926370B1}.Release|x86.ActiveCfg = Release|Any CPU
		{C65B9CA8-C51C-4FA7-993C-42D9926370B1}.Release|x86.Build.0 = Release|Any CPU
		{879F5A72-2531-422B-BA5A-A997A9472B14}.Debug|Any CPU.ActiveCfg = Debug|Any CPU
		{879F5A72-2531-422B-BA5A-A997A9472B14}.Debug|Any CPU.Build.0 = Debug|Any CPU
		{879F5A72-2531-422B-BA5A-A997A9472B14}.Debug|x64.ActiveCfg = Debug|Any CPU
		{879F5A72-2531-422B-BA5A-A997A9472B14}.Debug|x64.Build.0 = Debug|Any CPU
		{879F5A72-2531-422B-BA5A-A997A9472B14}.Debug|x86.ActiveCfg = Debug|Any CPU
		{879F5A72-2531-422B-BA5A-A997A9472B14}.Debug|x86.Build.0 = Debug|Any CPU
		{879F5A72-2531-422B-BA5A-A997A9472B14}.Release|Any CPU.ActiveCfg = Release|Any CPU
		{879F5A72-2531-422B-BA5A-A997A9472B14}.Release|Any CPU.Build.0 = Release|Any CPU
		{879F5A72-2531-422B-BA5A-A997A9472B14}.Release|x64.ActiveCfg = Release|Any CPU
		{879F5A72-2531-422B-BA5A-A997A9472B14}.Release|x64.Build.0 = Release|Any CPU
		{879F5A72-2531-422B-BA5A-A997A9472B14}.Release|x86.ActiveCfg = Release|Any CPU
		{879F5A72-2531-422B-BA5A-A997A9472B14}.Release|x86.Build.0 = Release|Any CPU
		{D0420E90-96C6-4CAB-90C9-6327F0ECFC1E}.Debug|Any CPU.ActiveCfg = Debug|Any CPU
		{D0420E90-96C6-4CAB-90C9-6327F0ECFC1E}.Debug|Any CPU.Build.0 = Debug|Any CPU
		{D0420E90-96C6-4CAB-90C9-6327F0ECFC1E}.Debug|x64.ActiveCfg = Debug|Any CPU
		{D0420E90-96C6-4CAB-90C9-6327F0ECFC1E}.Debug|x64.Build.0 = Debug|Any CPU
		{D0420E90-96C6-4CAB-90C9-6327F0ECFC1E}.Debug|x86.ActiveCfg = Debug|Any CPU
		{D0420E90-96C6-4CAB-90C9-6327F0ECFC1E}.Debug|x86.Build.0 = Debug|Any CPU
		{D0420E90-96C6-4CAB-90C9-6327F0ECFC1E}.Release|Any CPU.ActiveCfg = Release|Any CPU
		{D0420E90-96C6-4CAB-90C9-6327F0ECFC1E}.Release|Any CPU.Build.0 = Release|Any CPU
		{D0420E90-96C6-4CAB-90C9-6327F0ECFC1E}.Release|x64.ActiveCfg = Release|Any CPU
		{D0420E90-96C6-4CAB-90C9-6327F0ECFC1E}.Release|x64.Build.0 = Release|Any CPU
		{D0420E90-96C6-4CAB-90C9-6327F0ECFC1E}.Release|x86.ActiveCfg = Release|Any CPU
		{D0420E90-96C6-4CAB-90C9-6327F0ECFC1E}.Release|x86.Build.0 = Release|Any CPU
		{79FD6339-D76F-4BDE-BB63-D46A8DE240E1}.Debug|Any CPU.ActiveCfg = Debug|Any CPU
		{79FD6339-D76F-4BDE-BB63-D46A8DE240E1}.Debug|Any CPU.Build.0 = Debug|Any CPU
		{79FD6339-D76F-4BDE-BB63-D46A8DE240E1}.Debug|x64.ActiveCfg = Debug|Any CPU
		{79FD6339-D76F-4BDE-BB63-D46A8DE240E1}.Debug|x64.Build.0 = Debug|Any CPU
		{79FD6339-D76F-4BDE-BB63-D46A8DE240E1}.Debug|x86.ActiveCfg = Debug|Any CPU
		{79FD6339-D76F-4BDE-BB63-D46A8DE240E1}.Debug|x86.Build.0 = Debug|Any CPU
		{79FD6339-D76F-4BDE-BB63-D46A8DE240E1}.Release|Any CPU.ActiveCfg = Release|Any CPU
		{79FD6339-D76F-4BDE-BB63-D46A8DE240E1}.Release|Any CPU.Build.0 = Release|Any CPU
		{79FD6339-D76F-4BDE-BB63-D46A8DE240E1}.Release|x64.ActiveCfg = Release|Any CPU
		{79FD6339-D76F-4BDE-BB63-D46A8DE240E1}.Release|x64.Build.0 = Release|Any CPU
		{79FD6339-D76F-4BDE-BB63-D46A8DE240E1}.Release|x86.ActiveCfg = Release|Any CPU
		{79FD6339-D76F-4BDE-BB63-D46A8DE240E1}.Release|x86.Build.0 = Release|Any CPU
		{40719AFB-5308-4D23-AE26-E48488C9E1EE}.Debug|Any CPU.ActiveCfg = Debug|Any CPU
		{40719AFB-5308-4D23-AE26-E48488C9E1EE}.Debug|Any CPU.Build.0 = Debug|Any CPU
		{40719AFB-5308-4D23-AE26-E48488C9E1EE}.Debug|x64.ActiveCfg = Debug|Any CPU
		{40719AFB-5308-4D23-AE26-E48488C9E1EE}.Debug|x64.Build.0 = Debug|Any CPU
		{40719AFB-5308-4D23-AE26-E48488C9E1EE}.Debug|x86.ActiveCfg = Debug|Any CPU
		{40719AFB-5308-4D23-AE26-E48488C9E1EE}.Debug|x86.Build.0 = Debug|Any CPU
		{40719AFB-5308-4D23-AE26-E48488C9E1EE}.Release|Any CPU.ActiveCfg = Release|Any CPU
		{40719AFB-5308-4D23-AE26-E48488C9E1EE}.Release|Any CPU.Build.0 = Release|Any CPU
		{40719AFB-5308-4D23-AE26-E48488C9E1EE}.Release|x64.ActiveCfg = Release|Any CPU
		{40719AFB-5308-4D23-AE26-E48488C9E1EE}.Release|x64.Build.0 = Release|Any CPU
		{40719AFB-5308-4D23-AE26-E48488C9E1EE}.Release|x86.ActiveCfg = Release|Any CPU
		{40719AFB-5308-4D23-AE26-E48488C9E1EE}.Release|x86.Build.0 = Release|Any CPU
		{E73EE5A0-B775-49DC-B8B9-71B6A0BBE9A2}.Debug|Any CPU.ActiveCfg = Debug|Any CPU
		{E73EE5A0-B775-49DC-B8B9-71B6A0BBE9A2}.Debug|Any CPU.Build.0 = Debug|Any CPU
		{E73EE5A0-B775-49DC-B8B9-71B6A0BBE9A2}.Debug|x64.ActiveCfg = Debug|Any CPU
		{E73EE5A0-B775-49DC-B8B9-71B6A0BBE9A2}.Debug|x64.Build.0 = Debug|Any CPU
		{E73EE5A0-B775-49DC-B8B9-71B6A0BBE9A2}.Debug|x86.ActiveCfg = Debug|Any CPU
		{E73EE5A0-B775-49DC-B8B9-71B6A0BBE9A2}.Debug|x86.Build.0 = Debug|Any CPU
		{E73EE5A0-B775-49DC-B8B9-71B6A0BBE9A2}.Release|Any CPU.ActiveCfg = Release|Any CPU
		{E73EE5A0-B775-49DC-B8B9-71B6A0BBE9A2}.Release|Any CPU.Build.0 = Release|Any CPU
		{E73EE5A0-B775-49DC-B8B9-71B6A0BBE9A2}.Release|x64.ActiveCfg = Release|Any CPU
		{E73EE5A0-B775-49DC-B8B9-71B6A0BBE9A2}.Release|x64.Build.0 = Release|Any CPU
		{E73EE5A0-B775-49DC-B8B9-71B6A0BBE9A2}.Release|x86.ActiveCfg = Release|Any CPU
		{E73EE5A0-B775-49DC-B8B9-71B6A0BBE9A2}.Release|x86.Build.0 = Release|Any CPU
		{F32B74D4-AF64-41F7-98E7-4A741052E2D2}.Debug|Any CPU.ActiveCfg = Debug|Any CPU
		{F32B74D4-AF64-41F7-98E7-4A741052E2D2}.Debug|Any CPU.Build.0 = Debug|Any CPU
		{F32B74D4-AF64-41F7-98E7-4A741052E2D2}.Debug|x64.ActiveCfg = Debug|Any CPU
		{F32B74D4-AF64-41F7-98E7-4A741052E2D2}.Debug|x64.Build.0 = Debug|Any CPU
		{F32B74D4-AF64-41F7-98E7-4A741052E2D2}.Debug|x86.ActiveCfg = Debug|Any CPU
		{F32B74D4-AF64-41F7-98E7-4A741052E2D2}.Debug|x86.Build.0 = Debug|Any CPU
		{F32B74D4-AF64-41F7-98E7-4A741052E2D2}.Release|Any CPU.ActiveCfg = Release|Any CPU
		{F32B74D4-AF64-41F7-98E7-4A741052E2D2}.Release|Any CPU.Build.0 = Release|Any CPU
		{F32B74D4-AF64-41F7-98E7-4A741052E2D2}.Release|x64.ActiveCfg = Release|Any CPU
		{F32B74D4-AF64-41F7-98E7-4A741052E2D2}.Release|x64.Build.0 = Release|Any CPU
		{F32B74D4-AF64-41F7-98E7-4A741052E2D2}.Release|x86.ActiveCfg = Release|Any CPU
		{F32B74D4-AF64-41F7-98E7-4A741052E2D2}.Release|x86.Build.0 = Release|Any CPU
		{9474AC9A-AC90-4201-8177-C4256ECF311E}.Debug|Any CPU.ActiveCfg = Debug|Any CPU
		{9474AC9A-AC90-4201-8177-C4256ECF311E}.Debug|Any CPU.Build.0 = Debug|Any CPU
		{9474AC9A-AC90-4201-8177-C4256ECF311E}.Debug|x64.ActiveCfg = Debug|Any CPU
		{9474AC9A-AC90-4201-8177-C4256ECF311E}.Debug|x64.Build.0 = Debug|Any CPU
		{9474AC9A-AC90-4201-8177-C4256ECF311E}.Debug|x86.ActiveCfg = Debug|Any CPU
		{9474AC9A-AC90-4201-8177-C4256ECF311E}.Debug|x86.Build.0 = Debug|Any CPU
		{9474AC9A-AC90-4201-8177-C4256ECF311E}.Release|Any CPU.ActiveCfg = Release|Any CPU
		{9474AC9A-AC90-4201-8177-C4256ECF311E}.Release|Any CPU.Build.0 = Release|Any CPU
		{9474AC9A-AC90-4201-8177-C4256ECF311E}.Release|x64.ActiveCfg = Release|Any CPU
		{9474AC9A-AC90-4201-8177-C4256ECF311E}.Release|x64.Build.0 = Release|Any CPU
		{9474AC9A-AC90-4201-8177-C4256ECF311E}.Release|x86.ActiveCfg = Release|Any CPU
		{9474AC9A-AC90-4201-8177-C4256ECF311E}.Release|x86.Build.0 = Release|Any CPU
		{4E26B560-31A3-4087-9458-BFA9732FC968}.Debug|Any CPU.ActiveCfg = Debug|Any CPU
		{4E26B560-31A3-4087-9458-BFA9732FC968}.Debug|Any CPU.Build.0 = Debug|Any CPU
		{4E26B560-31A3-4087-9458-BFA9732FC968}.Debug|x64.ActiveCfg = Debug|Any CPU
		{4E26B560-31A3-4087-9458-BFA9732FC968}.Debug|x64.Build.0 = Debug|Any CPU
		{4E26B560-31A3-4087-9458-BFA9732FC968}.Debug|x86.ActiveCfg = Debug|Any CPU
		{4E26B560-31A3-4087-9458-BFA9732FC968}.Debug|x86.Build.0 = Debug|Any CPU
		{4E26B560-31A3-4087-9458-BFA9732FC968}.Release|Any CPU.ActiveCfg = Release|Any CPU
		{4E26B560-31A3-4087-9458-BFA9732FC968}.Release|Any CPU.Build.0 = Release|Any CPU
		{4E26B560-31A3-4087-9458-BFA9732FC968}.Release|x64.ActiveCfg = Release|Any CPU
		{4E26B560-31A3-4087-9458-BFA9732FC968}.Release|x64.Build.0 = Release|Any CPU
		{4E26B560-31A3-4087-9458-BFA9732FC968}.Release|x86.ActiveCfg = Release|Any CPU
		{4E26B560-31A3-4087-9458-BFA9732FC968}.Release|x86.Build.0 = Release|Any CPU
		{F8519B08-9A06-4707-892A-66B071400569}.Debug|Any CPU.ActiveCfg = Debug|Any CPU
		{F8519B08-9A06-4707-892A-66B071400569}.Debug|Any CPU.Build.0 = Debug|Any CPU
		{F8519B08-9A06-4707-892A-66B071400569}.Debug|x64.ActiveCfg = Debug|Any CPU
		{F8519B08-9A06-4707-892A-66B071400569}.Debug|x64.Build.0 = Debug|Any CPU
		{F8519B08-9A06-4707-892A-66B071400569}.Debug|x86.ActiveCfg = Debug|Any CPU
		{F8519B08-9A06-4707-892A-66B071400569}.Debug|x86.Build.0 = Debug|Any CPU
		{F8519B08-9A06-4707-892A-66B071400569}.Release|Any CPU.ActiveCfg = Release|Any CPU
		{F8519B08-9A06-4707-892A-66B071400569}.Release|Any CPU.Build.0 = Release|Any CPU
		{F8519B08-9A06-4707-892A-66B071400569}.Release|x64.ActiveCfg = Release|Any CPU
		{F8519B08-9A06-4707-892A-66B071400569}.Release|x64.Build.0 = Release|Any CPU
		{F8519B08-9A06-4707-892A-66B071400569}.Release|x86.ActiveCfg = Release|Any CPU
		{F8519B08-9A06-4707-892A-66B071400569}.Release|x86.Build.0 = Release|Any CPU
		{038C190C-B970-4E01-9E9A-6BB0E2267CD6}.Debug|Any CPU.ActiveCfg = Debug|Any CPU
		{038C190C-B970-4E01-9E9A-6BB0E2267CD6}.Debug|Any CPU.Build.0 = Debug|Any CPU
		{038C190C-B970-4E01-9E9A-6BB0E2267CD6}.Debug|x64.ActiveCfg = Debug|Any CPU
		{038C190C-B970-4E01-9E9A-6BB0E2267CD6}.Debug|x64.Build.0 = Debug|Any CPU
		{038C190C-B970-4E01-9E9A-6BB0E2267CD6}.Debug|x86.ActiveCfg = Debug|Any CPU
		{038C190C-B970-4E01-9E9A-6BB0E2267CD6}.Debug|x86.Build.0 = Debug|Any CPU
		{038C190C-B970-4E01-9E9A-6BB0E2267CD6}.Release|Any CPU.ActiveCfg = Release|Any CPU
		{038C190C-B970-4E01-9E9A-6BB0E2267CD6}.Release|Any CPU.Build.0 = Release|Any CPU
		{038C190C-B970-4E01-9E9A-6BB0E2267CD6}.Release|x64.ActiveCfg = Release|Any CPU
		{038C190C-B970-4E01-9E9A-6BB0E2267CD6}.Release|x64.Build.0 = Release|Any CPU
		{038C190C-B970-4E01-9E9A-6BB0E2267CD6}.Release|x86.ActiveCfg = Release|Any CPU
		{038C190C-B970-4E01-9E9A-6BB0E2267CD6}.Release|x86.Build.0 = Release|Any CPU
		{2C16924D-D6D5-4165-87BC-20CAAA55196D}.Debug|Any CPU.ActiveCfg = Debug|Any CPU
		{2C16924D-D6D5-4165-87BC-20CAAA55196D}.Debug|Any CPU.Build.0 = Debug|Any CPU
		{2C16924D-D6D5-4165-87BC-20CAAA55196D}.Debug|x64.ActiveCfg = Debug|Any CPU
		{2C16924D-D6D5-4165-87BC-20CAAA55196D}.Debug|x64.Build.0 = Debug|Any CPU
		{2C16924D-D6D5-4165-87BC-20CAAA55196D}.Debug|x86.ActiveCfg = Debug|Any CPU
		{2C16924D-D6D5-4165-87BC-20CAAA55196D}.Debug|x86.Build.0 = Debug|Any CPU
		{2C16924D-D6D5-4165-87BC-20CAAA55196D}.Release|Any CPU.ActiveCfg = Release|Any CPU
		{2C16924D-D6D5-4165-87BC-20CAAA55196D}.Release|Any CPU.Build.0 = Release|Any CPU
		{2C16924D-D6D5-4165-87BC-20CAAA55196D}.Release|x64.ActiveCfg = Release|Any CPU
		{2C16924D-D6D5-4165-87BC-20CAAA55196D}.Release|x64.Build.0 = Release|Any CPU
		{2C16924D-D6D5-4165-87BC-20CAAA55196D}.Release|x86.ActiveCfg = Release|Any CPU
		{2C16924D-D6D5-4165-87BC-20CAAA55196D}.Release|x86.Build.0 = Release|Any CPU
		{7E9440B8-6CB2-4796-A33C-1DB0867D0E7F}.Debug|Any CPU.ActiveCfg = Debug|Any CPU
		{7E9440B8-6CB2-4796-A33C-1DB0867D0E7F}.Debug|Any CPU.Build.0 = Debug|Any CPU
		{7E9440B8-6CB2-4796-A33C-1DB0867D0E7F}.Debug|x64.ActiveCfg = Debug|Any CPU
		{7E9440B8-6CB2-4796-A33C-1DB0867D0E7F}.Debug|x64.Build.0 = Debug|Any CPU
		{7E9440B8-6CB2-4796-A33C-1DB0867D0E7F}.Debug|x86.ActiveCfg = Debug|Any CPU
		{7E9440B8-6CB2-4796-A33C-1DB0867D0E7F}.Debug|x86.Build.0 = Debug|Any CPU
		{7E9440B8-6CB2-4796-A33C-1DB0867D0E7F}.Release|Any CPU.ActiveCfg = Release|Any CPU
		{7E9440B8-6CB2-4796-A33C-1DB0867D0E7F}.Release|Any CPU.Build.0 = Release|Any CPU
		{7E9440B8-6CB2-4796-A33C-1DB0867D0E7F}.Release|x64.ActiveCfg = Release|Any CPU
		{7E9440B8-6CB2-4796-A33C-1DB0867D0E7F}.Release|x64.Build.0 = Release|Any CPU
		{7E9440B8-6CB2-4796-A33C-1DB0867D0E7F}.Release|x86.ActiveCfg = Release|Any CPU
		{7E9440B8-6CB2-4796-A33C-1DB0867D0E7F}.Release|x86.Build.0 = Release|Any CPU
		{7E504D6D-6094-4EAF-A7FC-05F704D1AF23}.Debug|Any CPU.ActiveCfg = Debug|Any CPU
		{7E504D6D-6094-4EAF-A7FC-05F704D1AF23}.Debug|Any CPU.Build.0 = Debug|Any CPU
		{7E504D6D-6094-4EAF-A7FC-05F704D1AF23}.Debug|x64.ActiveCfg = Debug|Any CPU
		{7E504D6D-6094-4EAF-A7FC-05F704D1AF23}.Debug|x64.Build.0 = Debug|Any CPU
		{7E504D6D-6094-4EAF-A7FC-05F704D1AF23}.Debug|x86.ActiveCfg = Debug|Any CPU
		{7E504D6D-6094-4EAF-A7FC-05F704D1AF23}.Debug|x86.Build.0 = Debug|Any CPU
		{7E504D6D-6094-4EAF-A7FC-05F704D1AF23}.Release|Any CPU.ActiveCfg = Release|Any CPU
		{7E504D6D-6094-4EAF-A7FC-05F704D1AF23}.Release|Any CPU.Build.0 = Release|Any CPU
		{7E504D6D-6094-4EAF-A7FC-05F704D1AF23}.Release|x64.ActiveCfg = Release|Any CPU
		{7E504D6D-6094-4EAF-A7FC-05F704D1AF23}.Release|x64.Build.0 = Release|Any CPU
		{7E504D6D-6094-4EAF-A7FC-05F704D1AF23}.Release|x86.ActiveCfg = Release|Any CPU
		{7E504D6D-6094-4EAF-A7FC-05F704D1AF23}.Release|x86.Build.0 = Release|Any CPU
		{B078D301-3D8F-436C-B60C-7713DF02850E}.Debug|Any CPU.ActiveCfg = Debug|Any CPU
		{B078D301-3D8F-436C-B60C-7713DF02850E}.Debug|Any CPU.Build.0 = Debug|Any CPU
		{B078D301-3D8F-436C-B60C-7713DF02850E}.Debug|x64.ActiveCfg = Debug|Any CPU
		{B078D301-3D8F-436C-B60C-7713DF02850E}.Debug|x64.Build.0 = Debug|Any CPU
		{B078D301-3D8F-436C-B60C-7713DF02850E}.Debug|x86.ActiveCfg = Debug|Any CPU
		{B078D301-3D8F-436C-B60C-7713DF02850E}.Debug|x86.Build.0 = Debug|Any CPU
		{B078D301-3D8F-436C-B60C-7713DF02850E}.Release|Any CPU.ActiveCfg = Release|Any CPU
		{B078D301-3D8F-436C-B60C-7713DF02850E}.Release|Any CPU.Build.0 = Release|Any CPU
		{B078D301-3D8F-436C-B60C-7713DF02850E}.Release|x64.ActiveCfg = Release|Any CPU
		{B078D301-3D8F-436C-B60C-7713DF02850E}.Release|x64.Build.0 = Release|Any CPU
		{B078D301-3D8F-436C-B60C-7713DF02850E}.Release|x86.ActiveCfg = Release|Any CPU
		{B078D301-3D8F-436C-B60C-7713DF02850E}.Release|x86.Build.0 = Release|Any CPU
		{BC5B789B-E252-4112-A5B7-42B86311943F}.Debug|Any CPU.ActiveCfg = Debug|Any CPU
		{BC5B789B-E252-4112-A5B7-42B86311943F}.Debug|Any CPU.Build.0 = Debug|Any CPU
		{BC5B789B-E252-4112-A5B7-42B86311943F}.Debug|x64.ActiveCfg = Debug|Any CPU
		{BC5B789B-E252-4112-A5B7-42B86311943F}.Debug|x64.Build.0 = Debug|Any CPU
		{BC5B789B-E252-4112-A5B7-42B86311943F}.Debug|x86.ActiveCfg = Debug|Any CPU
		{BC5B789B-E252-4112-A5B7-42B86311943F}.Debug|x86.Build.0 = Debug|Any CPU
		{BC5B789B-E252-4112-A5B7-42B86311943F}.Release|Any CPU.ActiveCfg = Release|Any CPU
		{BC5B789B-E252-4112-A5B7-42B86311943F}.Release|Any CPU.Build.0 = Release|Any CPU
		{BC5B789B-E252-4112-A5B7-42B86311943F}.Release|x64.ActiveCfg = Release|Any CPU
		{BC5B789B-E252-4112-A5B7-42B86311943F}.Release|x64.Build.0 = Release|Any CPU
		{BC5B789B-E252-4112-A5B7-42B86311943F}.Release|x86.ActiveCfg = Release|Any CPU
		{BC5B789B-E252-4112-A5B7-42B86311943F}.Release|x86.Build.0 = Release|Any CPU
		{7F5B5CE2-AB44-4746-8BA8-52AA7AB63AFF}.Debug|Any CPU.ActiveCfg = Debug|Any CPU
		{7F5B5CE2-AB44-4746-8BA8-52AA7AB63AFF}.Debug|Any CPU.Build.0 = Debug|Any CPU
		{7F5B5CE2-AB44-4746-8BA8-52AA7AB63AFF}.Debug|x64.ActiveCfg = Debug|Any CPU
		{7F5B5CE2-AB44-4746-8BA8-52AA7AB63AFF}.Debug|x64.Build.0 = Debug|Any CPU
		{7F5B5CE2-AB44-4746-8BA8-52AA7AB63AFF}.Debug|x86.ActiveCfg = Debug|Any CPU
		{7F5B5CE2-AB44-4746-8BA8-52AA7AB63AFF}.Debug|x86.Build.0 = Debug|Any CPU
		{7F5B5CE2-AB44-4746-8BA8-52AA7AB63AFF}.Release|Any CPU.ActiveCfg = Release|Any CPU
		{7F5B5CE2-AB44-4746-8BA8-52AA7AB63AFF}.Release|Any CPU.Build.0 = Release|Any CPU
		{7F5B5CE2-AB44-4746-8BA8-52AA7AB63AFF}.Release|x64.ActiveCfg = Release|Any CPU
		{7F5B5CE2-AB44-4746-8BA8-52AA7AB63AFF}.Release|x64.Build.0 = Release|Any CPU
		{7F5B5CE2-AB44-4746-8BA8-52AA7AB63AFF}.Release|x86.ActiveCfg = Release|Any CPU
		{7F5B5CE2-AB44-4746-8BA8-52AA7AB63AFF}.Release|x86.Build.0 = Release|Any CPU
		{EFDA7986-2834-4F05-93DA-0F7B97C185E2}.Debug|Any CPU.ActiveCfg = Debug|Any CPU
		{EFDA7986-2834-4F05-93DA-0F7B97C185E2}.Debug|Any CPU.Build.0 = Debug|Any CPU
		{EFDA7986-2834-4F05-93DA-0F7B97C185E2}.Debug|x64.ActiveCfg = Debug|Any CPU
		{EFDA7986-2834-4F05-93DA-0F7B97C185E2}.Debug|x64.Build.0 = Debug|Any CPU
		{EFDA7986-2834-4F05-93DA-0F7B97C185E2}.Debug|x86.ActiveCfg = Debug|Any CPU
		{EFDA7986-2834-4F05-93DA-0F7B97C185E2}.Debug|x86.Build.0 = Debug|Any CPU
		{EFDA7986-2834-4F05-93DA-0F7B97C185E2}.Release|Any CPU.ActiveCfg = Release|Any CPU
		{EFDA7986-2834-4F05-93DA-0F7B97C185E2}.Release|Any CPU.Build.0 = Release|Any CPU
		{EFDA7986-2834-4F05-93DA-0F7B97C185E2}.Release|x64.ActiveCfg = Release|Any CPU
		{EFDA7986-2834-4F05-93DA-0F7B97C185E2}.Release|x64.Build.0 = Release|Any CPU
		{EFDA7986-2834-4F05-93DA-0F7B97C185E2}.Release|x86.ActiveCfg = Release|Any CPU
		{EFDA7986-2834-4F05-93DA-0F7B97C185E2}.Release|x86.Build.0 = Release|Any CPU
		{83914BFA-B553-4A69-98A0-2A18F172116E}.Debug|Any CPU.ActiveCfg = Debug|Any CPU
		{83914BFA-B553-4A69-98A0-2A18F172116E}.Debug|Any CPU.Build.0 = Debug|Any CPU
		{83914BFA-B553-4A69-98A0-2A18F172116E}.Debug|x64.ActiveCfg = Debug|Any CPU
		{83914BFA-B553-4A69-98A0-2A18F172116E}.Debug|x64.Build.0 = Debug|Any CPU
		{83914BFA-B553-4A69-98A0-2A18F172116E}.Debug|x86.ActiveCfg = Debug|Any CPU
		{83914BFA-B553-4A69-98A0-2A18F172116E}.Debug|x86.Build.0 = Debug|Any CPU
		{83914BFA-B553-4A69-98A0-2A18F172116E}.Release|Any CPU.ActiveCfg = Release|Any CPU
		{83914BFA-B553-4A69-98A0-2A18F172116E}.Release|Any CPU.Build.0 = Release|Any CPU
		{83914BFA-B553-4A69-98A0-2A18F172116E}.Release|x64.ActiveCfg = Release|Any CPU
		{83914BFA-B553-4A69-98A0-2A18F172116E}.Release|x64.Build.0 = Release|Any CPU
		{83914BFA-B553-4A69-98A0-2A18F172116E}.Release|x86.ActiveCfg = Release|Any CPU
		{83914BFA-B553-4A69-98A0-2A18F172116E}.Release|x86.Build.0 = Release|Any CPU
		{464C13B0-00C0-474E-BAA7-3723DB04A3F7}.Debug|Any CPU.ActiveCfg = Debug|Any CPU
		{464C13B0-00C0-474E-BAA7-3723DB04A3F7}.Debug|Any CPU.Build.0 = Debug|Any CPU
		{464C13B0-00C0-474E-BAA7-3723DB04A3F7}.Debug|x64.ActiveCfg = Debug|Any CPU
		{464C13B0-00C0-474E-BAA7-3723DB04A3F7}.Debug|x64.Build.0 = Debug|Any CPU
		{464C13B0-00C0-474E-BAA7-3723DB04A3F7}.Debug|x86.ActiveCfg = Debug|Any CPU
		{464C13B0-00C0-474E-BAA7-3723DB04A3F7}.Debug|x86.Build.0 = Debug|Any CPU
		{464C13B0-00C0-474E-BAA7-3723DB04A3F7}.Release|Any CPU.ActiveCfg = Release|Any CPU
		{464C13B0-00C0-474E-BAA7-3723DB04A3F7}.Release|Any CPU.Build.0 = Release|Any CPU
		{464C13B0-00C0-474E-BAA7-3723DB04A3F7}.Release|x64.ActiveCfg = Release|Any CPU
		{464C13B0-00C0-474E-BAA7-3723DB04A3F7}.Release|x64.Build.0 = Release|Any CPU
		{464C13B0-00C0-474E-BAA7-3723DB04A3F7}.Release|x86.ActiveCfg = Release|Any CPU
		{464C13B0-00C0-474E-BAA7-3723DB04A3F7}.Release|x86.Build.0 = Release|Any CPU
		{CC259571-F36F-4892-94CD-C8D201048B3F}.Debug|Any CPU.ActiveCfg = Debug|Any CPU
		{CC259571-F36F-4892-94CD-C8D201048B3F}.Debug|Any CPU.Build.0 = Debug|Any CPU
		{CC259571-F36F-4892-94CD-C8D201048B3F}.Debug|x64.ActiveCfg = Debug|Any CPU
		{CC259571-F36F-4892-94CD-C8D201048B3F}.Debug|x64.Build.0 = Debug|Any CPU
		{CC259571-F36F-4892-94CD-C8D201048B3F}.Debug|x86.ActiveCfg = Debug|Any CPU
		{CC259571-F36F-4892-94CD-C8D201048B3F}.Debug|x86.Build.0 = Debug|Any CPU
		{CC259571-F36F-4892-94CD-C8D201048B3F}.Release|Any CPU.ActiveCfg = Release|Any CPU
		{CC259571-F36F-4892-94CD-C8D201048B3F}.Release|Any CPU.Build.0 = Release|Any CPU
		{CC259571-F36F-4892-94CD-C8D201048B3F}.Release|x64.ActiveCfg = Release|Any CPU
		{CC259571-F36F-4892-94CD-C8D201048B3F}.Release|x64.Build.0 = Release|Any CPU
		{CC259571-F36F-4892-94CD-C8D201048B3F}.Release|x86.ActiveCfg = Release|Any CPU
		{CC259571-F36F-4892-94CD-C8D201048B3F}.Release|x86.Build.0 = Release|Any CPU
		{C2CB175E-FD89-481C-81FB-6F34B4BEF24A}.Debug|Any CPU.ActiveCfg = Debug|Any CPU
		{C2CB175E-FD89-481C-81FB-6F34B4BEF24A}.Debug|Any CPU.Build.0 = Debug|Any CPU
		{C2CB175E-FD89-481C-81FB-6F34B4BEF24A}.Debug|x64.ActiveCfg = Debug|Any CPU
		{C2CB175E-FD89-481C-81FB-6F34B4BEF24A}.Debug|x64.Build.0 = Debug|Any CPU
		{C2CB175E-FD89-481C-81FB-6F34B4BEF24A}.Debug|x86.ActiveCfg = Debug|Any CPU
		{C2CB175E-FD89-481C-81FB-6F34B4BEF24A}.Debug|x86.Build.0 = Debug|Any CPU
		{C2CB175E-FD89-481C-81FB-6F34B4BEF24A}.Release|Any CPU.ActiveCfg = Release|Any CPU
		{C2CB175E-FD89-481C-81FB-6F34B4BEF24A}.Release|Any CPU.Build.0 = Release|Any CPU
		{C2CB175E-FD89-481C-81FB-6F34B4BEF24A}.Release|x64.ActiveCfg = Release|Any CPU
		{C2CB175E-FD89-481C-81FB-6F34B4BEF24A}.Release|x64.Build.0 = Release|Any CPU
		{C2CB175E-FD89-481C-81FB-6F34B4BEF24A}.Release|x86.ActiveCfg = Release|Any CPU
		{C2CB175E-FD89-481C-81FB-6F34B4BEF24A}.Release|x86.Build.0 = Release|Any CPU
		{6CC09FF7-B0C0-4AF7-BEBA-E461C8792572}.Debug|Any CPU.ActiveCfg = Debug|Any CPU
		{6CC09FF7-B0C0-4AF7-BEBA-E461C8792572}.Debug|Any CPU.Build.0 = Debug|Any CPU
		{6CC09FF7-B0C0-4AF7-BEBA-E461C8792572}.Debug|x64.ActiveCfg = Debug|Any CPU
		{6CC09FF7-B0C0-4AF7-BEBA-E461C8792572}.Debug|x64.Build.0 = Debug|Any CPU
		{6CC09FF7-B0C0-4AF7-BEBA-E461C8792572}.Debug|x86.ActiveCfg = Debug|Any CPU
		{6CC09FF7-B0C0-4AF7-BEBA-E461C8792572}.Debug|x86.Build.0 = Debug|Any CPU
		{6CC09FF7-B0C0-4AF7-BEBA-E461C8792572}.Release|Any CPU.ActiveCfg = Release|Any CPU
		{6CC09FF7-B0C0-4AF7-BEBA-E461C8792572}.Release|Any CPU.Build.0 = Release|Any CPU
		{6CC09FF7-B0C0-4AF7-BEBA-E461C8792572}.Release|x64.ActiveCfg = Release|Any CPU
		{6CC09FF7-B0C0-4AF7-BEBA-E461C8792572}.Release|x64.Build.0 = Release|Any CPU
		{6CC09FF7-B0C0-4AF7-BEBA-E461C8792572}.Release|x86.ActiveCfg = Release|Any CPU
		{6CC09FF7-B0C0-4AF7-BEBA-E461C8792572}.Release|x86.Build.0 = Release|Any CPU
		{45051732-5BF3-47B4-A0BA-B7ADC9AB43BD}.Debug|Any CPU.ActiveCfg = Debug|Any CPU
		{45051732-5BF3-47B4-A0BA-B7ADC9AB43BD}.Debug|Any CPU.Build.0 = Debug|Any CPU
		{45051732-5BF3-47B4-A0BA-B7ADC9AB43BD}.Debug|x64.ActiveCfg = Debug|Any CPU
		{45051732-5BF3-47B4-A0BA-B7ADC9AB43BD}.Debug|x64.Build.0 = Debug|Any CPU
		{45051732-5BF3-47B4-A0BA-B7ADC9AB43BD}.Debug|x86.ActiveCfg = Debug|Any CPU
		{45051732-5BF3-47B4-A0BA-B7ADC9AB43BD}.Debug|x86.Build.0 = Debug|Any CPU
		{45051732-5BF3-47B4-A0BA-B7ADC9AB43BD}.Release|Any CPU.ActiveCfg = Release|Any CPU
		{45051732-5BF3-47B4-A0BA-B7ADC9AB43BD}.Release|Any CPU.Build.0 = Release|Any CPU
		{45051732-5BF3-47B4-A0BA-B7ADC9AB43BD}.Release|x64.ActiveCfg = Release|Any CPU
		{45051732-5BF3-47B4-A0BA-B7ADC9AB43BD}.Release|x64.Build.0 = Release|Any CPU
		{45051732-5BF3-47B4-A0BA-B7ADC9AB43BD}.Release|x86.ActiveCfg = Release|Any CPU
		{45051732-5BF3-47B4-A0BA-B7ADC9AB43BD}.Release|x86.Build.0 = Release|Any CPU
		{E53420D4-472E-4AE9-A342-C02E646551A3}.Debug|Any CPU.ActiveCfg = Debug|Any CPU
		{E53420D4-472E-4AE9-A342-C02E646551A3}.Debug|Any CPU.Build.0 = Debug|Any CPU
		{E53420D4-472E-4AE9-A342-C02E646551A3}.Debug|x64.ActiveCfg = Debug|Any CPU
		{E53420D4-472E-4AE9-A342-C02E646551A3}.Debug|x64.Build.0 = Debug|Any CPU
		{E53420D4-472E-4AE9-A342-C02E646551A3}.Debug|x86.ActiveCfg = Debug|Any CPU
		{E53420D4-472E-4AE9-A342-C02E646551A3}.Debug|x86.Build.0 = Debug|Any CPU
		{E53420D4-472E-4AE9-A342-C02E646551A3}.Release|Any CPU.ActiveCfg = Release|Any CPU
		{E53420D4-472E-4AE9-A342-C02E646551A3}.Release|Any CPU.Build.0 = Release|Any CPU
		{E53420D4-472E-4AE9-A342-C02E646551A3}.Release|x64.ActiveCfg = Release|Any CPU
		{E53420D4-472E-4AE9-A342-C02E646551A3}.Release|x64.Build.0 = Release|Any CPU
		{E53420D4-472E-4AE9-A342-C02E646551A3}.Release|x86.ActiveCfg = Release|Any CPU
		{E53420D4-472E-4AE9-A342-C02E646551A3}.Release|x86.Build.0 = Release|Any CPU
		{BDF20F66-05D2-4107-9FEA-DBC3DC30C08D}.Debug|Any CPU.ActiveCfg = Debug|Any CPU
		{BDF20F66-05D2-4107-9FEA-DBC3DC30C08D}.Debug|Any CPU.Build.0 = Debug|Any CPU
		{BDF20F66-05D2-4107-9FEA-DBC3DC30C08D}.Debug|x64.ActiveCfg = Debug|Any CPU
		{BDF20F66-05D2-4107-9FEA-DBC3DC30C08D}.Debug|x64.Build.0 = Debug|Any CPU
		{BDF20F66-05D2-4107-9FEA-DBC3DC30C08D}.Debug|x86.ActiveCfg = Debug|Any CPU
		{BDF20F66-05D2-4107-9FEA-DBC3DC30C08D}.Debug|x86.Build.0 = Debug|Any CPU
		{BDF20F66-05D2-4107-9FEA-DBC3DC30C08D}.Release|Any CPU.ActiveCfg = Release|Any CPU
		{BDF20F66-05D2-4107-9FEA-DBC3DC30C08D}.Release|Any CPU.Build.0 = Release|Any CPU
		{BDF20F66-05D2-4107-9FEA-DBC3DC30C08D}.Release|x64.ActiveCfg = Release|Any CPU
		{BDF20F66-05D2-4107-9FEA-DBC3DC30C08D}.Release|x64.Build.0 = Release|Any CPU
		{BDF20F66-05D2-4107-9FEA-DBC3DC30C08D}.Release|x86.ActiveCfg = Release|Any CPU
		{BDF20F66-05D2-4107-9FEA-DBC3DC30C08D}.Release|x86.Build.0 = Release|Any CPU
		{160A5F00-92D2-4238-BDB5-4A0F0A8287B6}.Debug|Any CPU.ActiveCfg = Debug|Any CPU
		{160A5F00-92D2-4238-BDB5-4A0F0A8287B6}.Debug|Any CPU.Build.0 = Debug|Any CPU
		{160A5F00-92D2-4238-BDB5-4A0F0A8287B6}.Debug|x64.ActiveCfg = Debug|Any CPU
		{160A5F00-92D2-4238-BDB5-4A0F0A8287B6}.Debug|x64.Build.0 = Debug|Any CPU
		{160A5F00-92D2-4238-BDB5-4A0F0A8287B6}.Debug|x86.ActiveCfg = Debug|Any CPU
		{160A5F00-92D2-4238-BDB5-4A0F0A8287B6}.Debug|x86.Build.0 = Debug|Any CPU
		{160A5F00-92D2-4238-BDB5-4A0F0A8287B6}.Release|Any CPU.ActiveCfg = Release|Any CPU
		{160A5F00-92D2-4238-BDB5-4A0F0A8287B6}.Release|Any CPU.Build.0 = Release|Any CPU
		{160A5F00-92D2-4238-BDB5-4A0F0A8287B6}.Release|x64.ActiveCfg = Release|Any CPU
		{160A5F00-92D2-4238-BDB5-4A0F0A8287B6}.Release|x64.Build.0 = Release|Any CPU
		{160A5F00-92D2-4238-BDB5-4A0F0A8287B6}.Release|x86.ActiveCfg = Release|Any CPU
		{160A5F00-92D2-4238-BDB5-4A0F0A8287B6}.Release|x86.Build.0 = Release|Any CPU
		{E9694965-E8CD-48BF-9208-1ED2A7DC0DC7}.Debug|Any CPU.ActiveCfg = Debug|Any CPU
		{E9694965-E8CD-48BF-9208-1ED2A7DC0DC7}.Debug|Any CPU.Build.0 = Debug|Any CPU
		{E9694965-E8CD-48BF-9208-1ED2A7DC0DC7}.Debug|x64.ActiveCfg = Debug|Any CPU
		{E9694965-E8CD-48BF-9208-1ED2A7DC0DC7}.Debug|x64.Build.0 = Debug|Any CPU
		{E9694965-E8CD-48BF-9208-1ED2A7DC0DC7}.Debug|x86.ActiveCfg = Debug|Any CPU
		{E9694965-E8CD-48BF-9208-1ED2A7DC0DC7}.Debug|x86.Build.0 = Debug|Any CPU
		{E9694965-E8CD-48BF-9208-1ED2A7DC0DC7}.Release|Any CPU.ActiveCfg = Release|Any CPU
		{E9694965-E8CD-48BF-9208-1ED2A7DC0DC7}.Release|Any CPU.Build.0 = Release|Any CPU
		{E9694965-E8CD-48BF-9208-1ED2A7DC0DC7}.Release|x64.ActiveCfg = Release|Any CPU
		{E9694965-E8CD-48BF-9208-1ED2A7DC0DC7}.Release|x64.Build.0 = Release|Any CPU
		{E9694965-E8CD-48BF-9208-1ED2A7DC0DC7}.Release|x86.ActiveCfg = Release|Any CPU
		{E9694965-E8CD-48BF-9208-1ED2A7DC0DC7}.Release|x86.Build.0 = Release|Any CPU
		{44230BF4-FF9A-485C-810A-FCA7D20A1188}.Debug|Any CPU.ActiveCfg = Debug|Any CPU
		{44230BF4-FF9A-485C-810A-FCA7D20A1188}.Debug|Any CPU.Build.0 = Debug|Any CPU
		{44230BF4-FF9A-485C-810A-FCA7D20A1188}.Debug|x64.ActiveCfg = Debug|Any CPU
		{44230BF4-FF9A-485C-810A-FCA7D20A1188}.Debug|x64.Build.0 = Debug|Any CPU
		{44230BF4-FF9A-485C-810A-FCA7D20A1188}.Debug|x86.ActiveCfg = Debug|Any CPU
		{44230BF4-FF9A-485C-810A-FCA7D20A1188}.Debug|x86.Build.0 = Debug|Any CPU
		{44230BF4-FF9A-485C-810A-FCA7D20A1188}.Release|Any CPU.ActiveCfg = Release|Any CPU
		{44230BF4-FF9A-485C-810A-FCA7D20A1188}.Release|Any CPU.Build.0 = Release|Any CPU
		{44230BF4-FF9A-485C-810A-FCA7D20A1188}.Release|x64.ActiveCfg = Release|Any CPU
		{44230BF4-FF9A-485C-810A-FCA7D20A1188}.Release|x64.Build.0 = Release|Any CPU
		{44230BF4-FF9A-485C-810A-FCA7D20A1188}.Release|x86.ActiveCfg = Release|Any CPU
		{44230BF4-FF9A-485C-810A-FCA7D20A1188}.Release|x86.Build.0 = Release|Any CPU
		{854C8E06-D294-494C-A7DA-67D43EA791FA}.Debug|Any CPU.ActiveCfg = Debug|Any CPU
		{854C8E06-D294-494C-A7DA-67D43EA791FA}.Debug|Any CPU.Build.0 = Debug|Any CPU
		{854C8E06-D294-494C-A7DA-67D43EA791FA}.Debug|x64.ActiveCfg = Debug|Any CPU
		{854C8E06-D294-494C-A7DA-67D43EA791FA}.Debug|x64.Build.0 = Debug|Any CPU
		{854C8E06-D294-494C-A7DA-67D43EA791FA}.Debug|x86.ActiveCfg = Debug|Any CPU
		{854C8E06-D294-494C-A7DA-67D43EA791FA}.Debug|x86.Build.0 = Debug|Any CPU
		{854C8E06-D294-494C-A7DA-67D43EA791FA}.Release|Any CPU.ActiveCfg = Release|Any CPU
		{854C8E06-D294-494C-A7DA-67D43EA791FA}.Release|Any CPU.Build.0 = Release|Any CPU
		{854C8E06-D294-494C-A7DA-67D43EA791FA}.Release|x64.ActiveCfg = Release|Any CPU
		{854C8E06-D294-494C-A7DA-67D43EA791FA}.Release|x64.Build.0 = Release|Any CPU
		{854C8E06-D294-494C-A7DA-67D43EA791FA}.Release|x86.ActiveCfg = Release|Any CPU
		{854C8E06-D294-494C-A7DA-67D43EA791FA}.Release|x86.Build.0 = Release|Any CPU
		{BD52DA7E-35F5-4A68-9EDE-E136776FDF19}.Debug|Any CPU.ActiveCfg = Debug|Any CPU
		{BD52DA7E-35F5-4A68-9EDE-E136776FDF19}.Debug|Any CPU.Build.0 = Debug|Any CPU
		{BD52DA7E-35F5-4A68-9EDE-E136776FDF19}.Debug|x64.ActiveCfg = Debug|Any CPU
		{BD52DA7E-35F5-4A68-9EDE-E136776FDF19}.Debug|x64.Build.0 = Debug|Any CPU
		{BD52DA7E-35F5-4A68-9EDE-E136776FDF19}.Debug|x86.ActiveCfg = Debug|Any CPU
		{BD52DA7E-35F5-4A68-9EDE-E136776FDF19}.Debug|x86.Build.0 = Debug|Any CPU
		{BD52DA7E-35F5-4A68-9EDE-E136776FDF19}.Release|Any CPU.ActiveCfg = Release|Any CPU
		{BD52DA7E-35F5-4A68-9EDE-E136776FDF19}.Release|Any CPU.Build.0 = Release|Any CPU
		{BD52DA7E-35F5-4A68-9EDE-E136776FDF19}.Release|x64.ActiveCfg = Release|Any CPU
		{BD52DA7E-35F5-4A68-9EDE-E136776FDF19}.Release|x64.Build.0 = Release|Any CPU
		{BD52DA7E-35F5-4A68-9EDE-E136776FDF19}.Release|x86.ActiveCfg = Release|Any CPU
		{BD52DA7E-35F5-4A68-9EDE-E136776FDF19}.Release|x86.Build.0 = Release|Any CPU
		{0129C78D-B886-48BE-8D6B-26F4291FF733}.Debug|Any CPU.ActiveCfg = Debug|Any CPU
		{0129C78D-B886-48BE-8D6B-26F4291FF733}.Debug|Any CPU.Build.0 = Debug|Any CPU
		{0129C78D-B886-48BE-8D6B-26F4291FF733}.Debug|x64.ActiveCfg = Debug|Any CPU
		{0129C78D-B886-48BE-8D6B-26F4291FF733}.Debug|x64.Build.0 = Debug|Any CPU
		{0129C78D-B886-48BE-8D6B-26F4291FF733}.Debug|x86.ActiveCfg = Debug|Any CPU
		{0129C78D-B886-48BE-8D6B-26F4291FF733}.Debug|x86.Build.0 = Debug|Any CPU
		{0129C78D-B886-48BE-8D6B-26F4291FF733}.Release|Any CPU.ActiveCfg = Release|Any CPU
		{0129C78D-B886-48BE-8D6B-26F4291FF733}.Release|Any CPU.Build.0 = Release|Any CPU
		{0129C78D-B886-48BE-8D6B-26F4291FF733}.Release|x64.ActiveCfg = Release|Any CPU
		{0129C78D-B886-48BE-8D6B-26F4291FF733}.Release|x64.Build.0 = Release|Any CPU
		{0129C78D-B886-48BE-8D6B-26F4291FF733}.Release|x86.ActiveCfg = Release|Any CPU
		{0129C78D-B886-48BE-8D6B-26F4291FF733}.Release|x86.Build.0 = Release|Any CPU
		{BB3013EA-BDCE-4CB3-982B-7B1940B6BD5C}.Debug|Any CPU.ActiveCfg = Debug|Any CPU
		{BB3013EA-BDCE-4CB3-982B-7B1940B6BD5C}.Debug|Any CPU.Build.0 = Debug|Any CPU
		{BB3013EA-BDCE-4CB3-982B-7B1940B6BD5C}.Debug|x64.ActiveCfg = Debug|Any CPU
		{BB3013EA-BDCE-4CB3-982B-7B1940B6BD5C}.Debug|x64.Build.0 = Debug|Any CPU
		{BB3013EA-BDCE-4CB3-982B-7B1940B6BD5C}.Debug|x86.ActiveCfg = Debug|Any CPU
		{BB3013EA-BDCE-4CB3-982B-7B1940B6BD5C}.Debug|x86.Build.0 = Debug|Any CPU
		{BB3013EA-BDCE-4CB3-982B-7B1940B6BD5C}.Release|Any CPU.ActiveCfg = Release|Any CPU
		{BB3013EA-BDCE-4CB3-982B-7B1940B6BD5C}.Release|Any CPU.Build.0 = Release|Any CPU
		{BB3013EA-BDCE-4CB3-982B-7B1940B6BD5C}.Release|x64.ActiveCfg = Release|Any CPU
		{BB3013EA-BDCE-4CB3-982B-7B1940B6BD5C}.Release|x64.Build.0 = Release|Any CPU
		{BB3013EA-BDCE-4CB3-982B-7B1940B6BD5C}.Release|x86.ActiveCfg = Release|Any CPU
		{BB3013EA-BDCE-4CB3-982B-7B1940B6BD5C}.Release|x86.Build.0 = Release|Any CPU
		{BB1F0ED2-D2EB-41CB-9B23-A619525FE6CA}.Debug|Any CPU.ActiveCfg = Debug|Any CPU
		{BB1F0ED2-D2EB-41CB-9B23-A619525FE6CA}.Debug|Any CPU.Build.0 = Debug|Any CPU
		{BB1F0ED2-D2EB-41CB-9B23-A619525FE6CA}.Debug|x64.ActiveCfg = Debug|Any CPU
		{BB1F0ED2-D2EB-41CB-9B23-A619525FE6CA}.Debug|x64.Build.0 = Debug|Any CPU
		{BB1F0ED2-D2EB-41CB-9B23-A619525FE6CA}.Debug|x86.ActiveCfg = Debug|Any CPU
		{BB1F0ED2-D2EB-41CB-9B23-A619525FE6CA}.Debug|x86.Build.0 = Debug|Any CPU
		{BB1F0ED2-D2EB-41CB-9B23-A619525FE6CA}.Release|Any CPU.ActiveCfg = Release|Any CPU
		{BB1F0ED2-D2EB-41CB-9B23-A619525FE6CA}.Release|Any CPU.Build.0 = Release|Any CPU
		{BB1F0ED2-D2EB-41CB-9B23-A619525FE6CA}.Release|x64.ActiveCfg = Release|Any CPU
		{BB1F0ED2-D2EB-41CB-9B23-A619525FE6CA}.Release|x64.Build.0 = Release|Any CPU
		{BB1F0ED2-D2EB-41CB-9B23-A619525FE6CA}.Release|x86.ActiveCfg = Release|Any CPU
		{BB1F0ED2-D2EB-41CB-9B23-A619525FE6CA}.Release|x86.Build.0 = Release|Any CPU
		{1CF2A666-DC9C-4C27-A5F3-FBC711F88D96}.Debug|Any CPU.ActiveCfg = Debug|Any CPU
		{1CF2A666-DC9C-4C27-A5F3-FBC711F88D96}.Debug|Any CPU.Build.0 = Debug|Any CPU
		{1CF2A666-DC9C-4C27-A5F3-FBC711F88D96}.Debug|x64.ActiveCfg = Debug|Any CPU
		{1CF2A666-DC9C-4C27-A5F3-FBC711F88D96}.Debug|x64.Build.0 = Debug|Any CPU
		{1CF2A666-DC9C-4C27-A5F3-FBC711F88D96}.Debug|x86.ActiveCfg = Debug|Any CPU
		{1CF2A666-DC9C-4C27-A5F3-FBC711F88D96}.Debug|x86.Build.0 = Debug|Any CPU
		{1CF2A666-DC9C-4C27-A5F3-FBC711F88D96}.Release|Any CPU.ActiveCfg = Release|Any CPU
		{1CF2A666-DC9C-4C27-A5F3-FBC711F88D96}.Release|Any CPU.Build.0 = Release|Any CPU
		{1CF2A666-DC9C-4C27-A5F3-FBC711F88D96}.Release|x64.ActiveCfg = Release|Any CPU
		{1CF2A666-DC9C-4C27-A5F3-FBC711F88D96}.Release|x64.Build.0 = Release|Any CPU
		{1CF2A666-DC9C-4C27-A5F3-FBC711F88D96}.Release|x86.ActiveCfg = Release|Any CPU
		{1CF2A666-DC9C-4C27-A5F3-FBC711F88D96}.Release|x86.Build.0 = Release|Any CPU
		{E754EC92-A6A9-4324-A326-F1568ADF0BDC}.Debug|Any CPU.ActiveCfg = Debug|Any CPU
		{E754EC92-A6A9-4324-A326-F1568ADF0BDC}.Debug|Any CPU.Build.0 = Debug|Any CPU
		{E754EC92-A6A9-4324-A326-F1568ADF0BDC}.Debug|x64.ActiveCfg = Debug|Any CPU
		{E754EC92-A6A9-4324-A326-F1568ADF0BDC}.Debug|x64.Build.0 = Debug|Any CPU
		{E754EC92-A6A9-4324-A326-F1568ADF0BDC}.Debug|x86.ActiveCfg = Debug|Any CPU
		{E754EC92-A6A9-4324-A326-F1568ADF0BDC}.Debug|x86.Build.0 = Debug|Any CPU
		{E754EC92-A6A9-4324-A326-F1568ADF0BDC}.Release|Any CPU.ActiveCfg = Release|Any CPU
		{E754EC92-A6A9-4324-A326-F1568ADF0BDC}.Release|Any CPU.Build.0 = Release|Any CPU
		{E754EC92-A6A9-4324-A326-F1568ADF0BDC}.Release|x64.ActiveCfg = Release|Any CPU
		{E754EC92-A6A9-4324-A326-F1568ADF0BDC}.Release|x64.Build.0 = Release|Any CPU
		{E754EC92-A6A9-4324-A326-F1568ADF0BDC}.Release|x86.ActiveCfg = Release|Any CPU
		{E754EC92-A6A9-4324-A326-F1568ADF0BDC}.Release|x86.Build.0 = Release|Any CPU
	EndGlobalSection
	GlobalSection(SolutionProperties) = preSolution
		HideSolutionNode = FALSE
	EndGlobalSection
	GlobalSection(NestedProjects) = preSolution
		{90298CBA-BD6F-3A0A-69D5-97CAD7B05E7E} = {827E0CD3-B72D-47B6-A68D-7590B98EB39B}
		{D511C912-FE28-44D1-8854-1FBAFC0961F7} = {90298CBA-BD6F-3A0A-69D5-97CAD7B05E7E}
		{CE2C5A6B-FE01-4C90-8530-4A4A18A07C52} = {90298CBA-BD6F-3A0A-69D5-97CAD7B05E7E}
		{E0001123-ACAA-4B11-8832-11E79D0B2FCD} = {90298CBA-BD6F-3A0A-69D5-97CAD7B05E7E}
		{8CF6994D-7067-4164-9B03-5F0D2F1EAFF1} = {90298CBA-BD6F-3A0A-69D5-97CAD7B05E7E}
		{FFBE31B8-50B9-B415-22BC-2F92C97CADA3} = {827E0CD3-B72D-47B6-A68D-7590B98EB39B}
		{C98329E8-D7A3-4118-94E3-14FFC00C3966} = {FFBE31B8-50B9-B415-22BC-2F92C97CADA3}
		{984BB9B3-3FA3-BE33-9484-CAC21695A33C} = {827E0CD3-B72D-47B6-A68D-7590B98EB39B}
		{1BFC9479-12BF-35C3-06B8-42D89D95092B} = {984BB9B3-3FA3-BE33-9484-CAC21695A33C}
		{F648B6AA-8CE7-417B-A4C5-68A3FA560860} = {1BFC9479-12BF-35C3-06B8-42D89D95092B}
		{70D3C4E9-504C-41ED-8FF5-1C4A3AE5B560} = {1BFC9479-12BF-35C3-06B8-42D89D95092B}
		{A6F60D3A-EE7C-4E63-80BD-F09BE71BDF38} = {1BFC9479-12BF-35C3-06B8-42D89D95092B}
		{A24F980A-E094-4CA4-A660-C636DD697CF2} = {1BFC9479-12BF-35C3-06B8-42D89D95092B}
		{B7BA0832-5CED-4747-93B9-52B6BBF30EA8} = {1BFC9479-12BF-35C3-06B8-42D89D95092B}
		{BC2EBD3E-4DF8-7319-BAE1-BFEA273E9E93} = {984BB9B3-3FA3-BE33-9484-CAC21695A33C}
		{CB2D06CC-C186-4DEE-BE4E-35A63C982F60} = {BC2EBD3E-4DF8-7319-BAE1-BFEA273E9E93}
		{5BFC0D09-4E4E-4C7B-984D-CF7BB49A029D} = {BC2EBD3E-4DF8-7319-BAE1-BFEA273E9E93}
		{F1650E3B-0CEA-4023-914F-9AABEB15384D} = {BC2EBD3E-4DF8-7319-BAE1-BFEA273E9E93}
		{95480125-F138-4B74-B939-5040BD694817} = {BC2EBD3E-4DF8-7319-BAE1-BFEA273E9E93}
		{414E9EFD-20DA-4A55-B441-8BD6763A10C9} = {BC2EBD3E-4DF8-7319-BAE1-BFEA273E9E93}
		{E18B8002-F77A-43D5-92B6-4F1A6AFAB780} = {90298CBA-BD6F-3A0A-69D5-97CAD7B05E7E}
		{BECBB3E5-1EFE-4ADE-AAE0-3BFFF653762D} = {90298CBA-BD6F-3A0A-69D5-97CAD7B05E7E}
		{C91C1CF1-1625-0789-F869-53D87D6277BA} = {984BB9B3-3FA3-BE33-9484-CAC21695A33C}
		{FF0CDEBF-974B-4E40-BE6E-09481EA336D5} = {C91C1CF1-1625-0789-F869-53D87D6277BA}
		{C65B9CA8-C51C-4FA7-993C-42D9926370B1} = {C91C1CF1-1625-0789-F869-53D87D6277BA}
		{879F5A72-2531-422B-BA5A-A997A9472B14} = {C91C1CF1-1625-0789-F869-53D87D6277BA}
		{D0420E90-96C6-4CAB-90C9-6327F0ECFC1E} = {C91C1CF1-1625-0789-F869-53D87D6277BA}
		{79FD6339-D76F-4BDE-BB63-D46A8DE240E1} = {C91C1CF1-1625-0789-F869-53D87D6277BA}
		{629250A2-4DA8-8A63-B4B9-ABC581507B44} = {984BB9B3-3FA3-BE33-9484-CAC21695A33C}
		{40719AFB-5308-4D23-AE26-E48488C9E1EE} = {629250A2-4DA8-8A63-B4B9-ABC581507B44}
		{E73EE5A0-B775-49DC-B8B9-71B6A0BBE9A2} = {629250A2-4DA8-8A63-B4B9-ABC581507B44}
		{F32B74D4-AF64-41F7-98E7-4A741052E2D2} = {629250A2-4DA8-8A63-B4B9-ABC581507B44}
		{9474AC9A-AC90-4201-8177-C4256ECF311E} = {629250A2-4DA8-8A63-B4B9-ABC581507B44}
		{4E26B560-31A3-4087-9458-BFA9732FC968} = {629250A2-4DA8-8A63-B4B9-ABC581507B44}
		{53A5E032-9A5F-5C5F-4C24-3FD98F4CF9B3} = {984BB9B3-3FA3-BE33-9484-CAC21695A33C}
		{F8519B08-9A06-4707-892A-66B071400569} = {53A5E032-9A5F-5C5F-4C24-3FD98F4CF9B3}
		{038C190C-B970-4E01-9E9A-6BB0E2267CD6} = {53A5E032-9A5F-5C5F-4C24-3FD98F4CF9B3}
		{2C16924D-D6D5-4165-87BC-20CAAA55196D} = {53A5E032-9A5F-5C5F-4C24-3FD98F4CF9B3}
		{7E9440B8-6CB2-4796-A33C-1DB0867D0E7F} = {53A5E032-9A5F-5C5F-4C24-3FD98F4CF9B3}
		{7E504D6D-6094-4EAF-A7FC-05F704D1AF23} = {53A5E032-9A5F-5C5F-4C24-3FD98F4CF9B3}
		{472245DD-0059-22BF-13C0-15A647557FF1} = {984BB9B3-3FA3-BE33-9484-CAC21695A33C}
		{B078D301-3D8F-436C-B60C-7713DF02850E} = {472245DD-0059-22BF-13C0-15A647557FF1}
		{BC5B789B-E252-4112-A5B7-42B86311943F} = {472245DD-0059-22BF-13C0-15A647557FF1}
		{7F5B5CE2-AB44-4746-8BA8-52AA7AB63AFF} = {472245DD-0059-22BF-13C0-15A647557FF1}
		{EFDA7986-2834-4F05-93DA-0F7B97C185E2} = {472245DD-0059-22BF-13C0-15A647557FF1}
		{83914BFA-B553-4A69-98A0-2A18F172116E} = {472245DD-0059-22BF-13C0-15A647557FF1}
		{464C13B0-00C0-474E-BAA7-3723DB04A3F7} = {0A1F7879-590A-F8B1-CE2F-559D3ED32DE5}
		{CC259571-F36F-4892-94CD-C8D201048B3F} = {0A1F7879-590A-F8B1-CE2F-559D3ED32DE5}
		{C2CB175E-FD89-481C-81FB-6F34B4BEF24A} = {0A1F7879-590A-F8B1-CE2F-559D3ED32DE5}
		{6CC09FF7-B0C0-4AF7-BEBA-E461C8792572} = {0A1F7879-590A-F8B1-CE2F-559D3ED32DE5}
		{45051732-5BF3-47B4-A0BA-B7ADC9AB43BD} = {0A1F7879-590A-F8B1-CE2F-559D3ED32DE5}
		{5D0AC027-C8EE-3244-A029-36278C99F1B8} = {984BB9B3-3FA3-BE33-9484-CAC21695A33C}
		{E53420D4-472E-4AE9-A342-C02E646551A3} = {5D0AC027-C8EE-3244-A029-36278C99F1B8}
		{BDF20F66-05D2-4107-9FEA-DBC3DC30C08D} = {5D0AC027-C8EE-3244-A029-36278C99F1B8}
		{160A5F00-92D2-4238-BDB5-4A0F0A8287B6} = {5D0AC027-C8EE-3244-A029-36278C99F1B8}
		{E9694965-E8CD-48BF-9208-1ED2A7DC0DC7} = {5D0AC027-C8EE-3244-A029-36278C99F1B8}
		{44230BF4-FF9A-485C-810A-FCA7D20A1188} = {5D0AC027-C8EE-3244-A029-36278C99F1B8}
		{854C8E06-D294-494C-A7DA-67D43EA791FA} = {C30EA34C-96E3-EEAB-A84E-085AED71DD06}
		{BD52DA7E-35F5-4A68-9EDE-E136776FDF19} = {C30EA34C-96E3-EEAB-A84E-085AED71DD06}
		{0129C78D-B886-48BE-8D6B-26F4291FF733} = {C30EA34C-96E3-EEAB-A84E-085AED71DD06}
		{BB3013EA-BDCE-4CB3-982B-7B1940B6BD5C} = {C30EA34C-96E3-EEAB-A84E-085AED71DD06}
		{BB1F0ED2-D2EB-41CB-9B23-A619525FE6CA} = {C30EA34C-96E3-EEAB-A84E-085AED71DD06}
		{1CF2A666-DC9C-4C27-A5F3-FBC711F88D96} = {B3B3B3B3-3333-3333-3333-333333333333}
		{E754EC92-A6A9-4324-A326-F1568ADF0BDC} = {B3B3B3B3-3333-3333-3333-333333333333}
	EndGlobalSection
EndGlobal
