
Microsoft Visual Studio Solution File, Format Version 12.00
# Visual Studio Version 17
VisualStudioVersion = 17.12.35514.174
MinimumVisualStudioVersion = 10.0.40219.1
Project("{2150E333-8FDC-42A3-9474-1A3956D46DE8}") = "BuildingBlocks", "BuildingBlocks", "{B1B1B1B1-1111-1111-1111-111111111111}"
EndProject
Project("{2150E333-8FDC-42A3-9474-1A3956D46DE8}") = "Services", "Services", "{B2B2B2B2-2222-2222-2222-222222222222}"
EndProject
Project("{2150E333-8FDC-42A3-9474-1A3956D46DE8}") = "Gateway", "Gateway", "{B3B3B3B3-3333-3333-3333-333333333333}"
EndProject
Project("{2150E333-8FDC-42A3-9474-1A3956D46DE8}") = "Contracts", "Contracts", "{B4B4B4B4-4444-4444-4444-444444444444}"
EndProject
Project("{2150E333-8FDC-42A3-9474-1A3956D46DE8}") = "src", "src", "{827E0CD3-B72D-47B6-A68D-7590B98EB39B}"
EndProject
Project("{2150E333-8FDC-42A3-9474-1A3956D46DE8}") = "BuildingBlocks", "BuildingBlocks", "{90298CBA-BD6F-3A0A-69D5-97CAD7B05E7E}"
EndProject
Project("{FAE04EC0-301F-11D3-BF4B-00C04F79EFBC}") = "Rappix.BuildingBlocks.Core", "src\BuildingBlocks\Rappix.BuildingBlocks.Core\Rappix.BuildingBlocks.Core.csproj", "{D511C912-FE28-44D1-8854-1FBAFC0961F7}"
EndProject
Project("{FAE04EC0-301F-11D3-BF4B-00C04F79EFBC}") = "Rappix.BuildingBlocks.Messaging", "src\BuildingBlocks\Rappix.BuildingBlocks.Messaging\Rappix.BuildingBlocks.Messaging.csproj", "{CE2C5A6B-FE01-4C90-8530-4A4A18A07C52}"
EndProject
Project("{FAE04EC0-301F-11D3-BF4B-00C04F79EFBC}") = "Rappix.BuildingBlocks.Observability", "src\BuildingBlocks\Rappix.BuildingBlocks.Observability\Rappix.BuildingBlocks.Observability.csproj", "{E0001123-ACAA-4B11-8832-11E79D0B2FCD}"
EndProject
Project("{FAE04EC0-301F-11D3-BF4B-00C04F79EFBC}") = "Rappix.BuildingBlocks.WebApi", "src\BuildingBlocks\Rappix.BuildingBlocks.WebApi\Rappix.BuildingBlocks.WebApi.csproj", "{8CF6994D-7067-4164-9B03-5F0D2F1EAFF1}"
EndProject
Project("{2150E333-8FDC-42A3-9474-1A3956D46DE8}") = "Contracts", "Contracts", "{FFBE31B8-50B9-B415-22BC-2F92C97CADA3}"
EndProject
Project("{FAE04EC0-301F-11D3-BF4B-00C04F79EFBC}") = "Rappix.Contracts", "src\Contracts\Rappix.Contracts\Rappix.Contracts.csproj", "{C98329E8-D7A3-4118-94E3-14FFC00C3966}"
EndProject
Project("{2150E333-8FDC-42A3-9474-1A3956D46DE8}") = "Services", "Services", "{984BB9B3-3FA3-BE33-9484-CAC21695A33C}"
EndProject
Project("{2150E333-8FDC-42A3-9474-1A3956D46DE8}") = "Identity", "Identity", "{1BFC9479-12BF-35C3-06B8-42D89D95092B}"
EndProject
Project("{FAE04EC0-301F-11D3-BF4B-00C04F79EFBC}") = "Rappix.Identity.Domain", "src\Services\Identity\Rappix.Identity.Domain\Rappix.Identity.Domain.csproj", "{F648B6AA-8CE7-417B-A4C5-68A3FA560860}"
EndProject
Project("{FAE04EC0-301F-11D3-BF4B-00C04F79EFBC}") = "Rappix.Identity.Application", "src\Services\Identity\Rappix.Identity.Application\Rappix.Identity.Application.csproj", "{70D3C4E9-504C-41ED-8FF5-1C4A3AE5B560}"
EndProject
Project("{FAE04EC0-301F-11D3-BF4B-00C04F79EFBC}") = "Rappix.Identity.Infrastructure", "src\Services\Identity\Rappix.Identity.Infrastructure\Rappix.Identity.Infrastructure.csproj", "{A6F60D3A-EE7C-4E63-80BD-F09BE71BDF38}"
EndProject
Project("{FAE04EC0-301F-11D3-BF4B-00C04F79EFBC}") = "Rappix.Identity.Api", "src\Services\Identity\Rappix.Identity.Api\Rappix.Identity.Api.csproj", "{A24F980A-E094-4CA4-A660-C636DD697CF2}"
EndProject
Project("{FAE04EC0-301F-11D3-BF4B-00C04F79EFBC}") = "Rappix.Identity.Tests", "src\Services\Identity\Rappix.Identity.Tests\Rappix.Identity.Tests.csproj", "{B7BA0832-5CED-4747-93B9-52B6BBF30EA8}"
EndProject
Project("{2150E333-8FDC-42A3-9474-1A3956D46DE8}") = "Merchants", "Merchants", "{BC2EBD3E-4DF8-7319-BAE1-BFEA273E9E93}"
EndProject
Project("{FAE04EC0-301F-11D3-BF4B-00C04F79EFBC}") = "Rappix.Merchants.Domain", "src\Services\Merchants\Rappix.Merchants.Domain\Rappix.Merchants.Domain.csproj", "{CB2D06CC-C186-4DEE-BE4E-35A63C982F60}"
EndProject
Project("{FAE04EC0-301F-11D3-BF4B-00C04F79EFBC}") = "Rappix.Merchants.Application", "src\Services\Merchants\Rappix.Merchants.Application\Rappix.Merchants.Application.csproj", "{5BFC0D09-4E4E-4C7B-984D-CF7BB49A029D}"
EndProject
Project("{FAE04EC0-301F-11D3-BF4B-00C04F79EFBC}") = "Rappix.Merchants.Infrastructure", "src\Services\Merchants\Rappix.Merchants.Infrastructure\Rappix.Merchants.Infrastructure.csproj", "{F1650E3B-0CEA-4023-914F-9AABEB15384D}"
EndProject
Project("{FAE04EC0-301F-11D3-BF4B-00C04F79EFBC}") = "Rappix.Merchants.Api", "src\Services\Merchants\Rappix.Merchants.Api\Rappix.Merchants.Api.csproj", "{95480125-F138-4B74-B939-5040BD694817}"
EndProject
Project("{FAE04EC0-301F-11D3-BF4B-00C04F79EFBC}") = "Rappix.Merchants.Tests", "src\Services\Merchants\Rappix.Merchants.Tests\Rappix.Merchants.Tests.csproj", "{414E9EFD-20DA-4A55-B441-8BD6763A10C9}"
EndProject
Global
	GlobalSection(SolutionConfigurationPlatforms) = preSolution
		Debug|Any CPU = Debug|Any CPU
		Debug|x64 = Debug|x64
		Debug|x86 = Debug|x86
		Release|Any CPU = Release|Any CPU
		Release|x64 = Release|x64
		Release|x86 = Release|x86
	EndGlobalSection
	GlobalSection(ProjectConfigurationPlatforms) = postSolution
		{D511C912-FE28-44D1-8854-1FBAFC0961F7}.Debug|Any CPU.ActiveCfg = Debug|Any CPU
		{D511C912-FE28-44D1-8854-1FBAFC0961F7}.Debug|Any CPU.Build.0 = Debug|Any CPU
		{D511C912-FE28-44D1-8854-1FBAFC0961F7}.Debug|x64.ActiveCfg = Debug|Any CPU
		{D511C912-FE28-44D1-8854-1FBAFC0961F7}.Debug|x64.Build.0 = Debug|Any CPU
		{D511C912-FE28-44D1-8854-1FBAFC0961F7}.Debug|x86.ActiveCfg = Debug|Any CPU
		{D511C912-FE28-44D1-8854-1FBAFC0961F7}.Debug|x86.Build.0 = Debug|Any CPU
		{D511C912-FE28-44D1-8854-1FBAFC0961F7}.Release|Any CPU.ActiveCfg = Release|Any CPU
		{D511C912-FE28-44D1-8854-1FBAFC0961F7}.Release|Any CPU.Build.0 = Release|Any CPU
		{D511C912-FE28-44D1-8854-1FBAFC0961F7}.Release|x64.ActiveCfg = Release|Any CPU
		{D511C912-FE28-44D1-8854-1FBAFC0961F7}.Release|x64.Build.0 = Release|Any CPU
		{D511C912-FE28-44D1-8854-1FBAFC0961F7}.Release|x86.ActiveCfg = Release|Any CPU
		{D511C912-FE28-44D1-8854-1FBAFC0961F7}.Release|x86.Build.0 = Release|Any CPU
		{CE2C5A6B-FE01-4C90-8530-4A4A18A07C52}.Debug|Any CPU.ActiveCfg = Debug|Any CPU
		{CE2C5A6B-FE01-4C90-8530-4A4A18A07C52}.Debug|Any CPU.Build.0 = Debug|Any CPU
		{CE2C5A6B-FE01-4C90-8530-4A4A18A07C52}.Debug|x64.ActiveCfg = Debug|Any CPU
		{CE2C5A6B-FE01-4C90-8530-4A4A18A07C52}.Debug|x64.Build.0 = Debug|Any CPU
		{CE2C5A6B-FE01-4C90-8530-4A4A18A07C52}.Debug|x86.ActiveCfg = Debug|Any CPU
		{CE2C5A6B-FE01-4C90-8530-4A4A18A07C52}.Debug|x86.Build.0 = Debug|Any CPU
		{CE2C5A6B-FE01-4C90-8530-4A4A18A07C52}.Release|Any CPU.ActiveCfg = Release|Any CPU
		{CE2C5A6B-FE01-4C90-8530-4A4A18A07C52}.Release|Any CPU.Build.0 = Release|Any CPU
		{CE2C5A6B-FE01-4C90-8530-4A4A18A07C52}.Release|x64.ActiveCfg = Release|Any CPU
		{CE2C5A6B-FE01-4C90-8530-4A4A18A07C52}.Release|x64.Build.0 = Release|Any CPU
		{CE2C5A6B-FE01-4C90-8530-4A4A18A07C52}.Release|x86.ActiveCfg = Release|Any CPU
		{CE2C5A6B-FE01-4C90-8530-4A4A18A07C52}.Release|x86.Build.0 = Release|Any CPU
		{E0001123-ACAA-4B11-8832-11E79D0B2FCD}.Debug|Any CPU.ActiveCfg = Debug|Any CPU
		{E0001123-ACAA-4B11-8832-11E79D0B2FCD}.Debug|Any CPU.Build.0 = Debug|Any CPU
		{E0001123-ACAA-4B11-8832-11E79D0B2FCD}.Debug|x64.ActiveCfg = Debug|Any CPU
		{E0001123-ACAA-4B11-8832-11E79D0B2FCD}.Debug|x64.Build.0 = Debug|Any CPU
		{E0001123-ACAA-4B11-8832-11E79D0B2FCD}.Debug|x86.ActiveCfg = Debug|Any CPU
		{E0001123-ACAA-4B11-8832-11E79D0B2FCD}.Debug|x86.Build.0 = Debug|Any CPU
		{E0001123-ACAA-4B11-8832-11E79D0B2FCD}.Release|Any CPU.ActiveCfg = Release|Any CPU
		{E0001123-ACAA-4B11-8832-11E79D0B2FCD}.Release|Any CPU.Build.0 = Release|Any CPU
		{E0001123-ACAA-4B11-8832-11E79D0B2FCD}.Release|x64.ActiveCfg = Release|Any CPU
		{E0001123-ACAA-4B11-8832-11E79D0B2FCD}.Release|x64.Build.0 = Release|Any CPU
		{E0001123-ACAA-4B11-8832-11E79D0B2FCD}.Release|x86.ActiveCfg = Release|Any CPU
		{E0001123-ACAA-4B11-8832-11E79D0B2FCD}.Release|x86.Build.0 = Release|Any CPU
		{8CF6994D-7067-4164-9B03-5F0D2F1EAFF1}.Debug|Any CPU.ActiveCfg = Debug|Any CPU
		{8CF6994D-7067-4164-9B03-5F0D2F1EAFF1}.Debug|Any CPU.Build.0 = Debug|Any CPU
		{8CF6994D-7067-4164-9B03-5F0D2F1EAFF1}.Debug|x64.ActiveCfg = Debug|Any CPU
		{8CF6994D-7067-4164-9B03-5F0D2F1EAFF1}.Debug|x64.Build.0 = Debug|Any CPU
		{8CF6994D-7067-4164-9B03-5F0D2F1EAFF1}.Debug|x86.ActiveCfg = Debug|Any CPU
		{8CF6994D-7067-4164-9B03-5F0D2F1EAFF1}.Debug|x86.Build.0 = Debug|Any CPU
		{8CF6994D-7067-4164-9B03-5F0D2F1EAFF1}.Release|Any CPU.ActiveCfg = Release|Any CPU
		{8CF6994D-7067-4164-9B03-5F0D2F1EAFF1}.Release|Any CPU.Build.0 = Release|Any CPU
		{8CF6994D-7067-4164-9B03-5F0D2F1EAFF1}.Release|x64.ActiveCfg = Release|Any CPU
		{8CF6994D-7067-4164-9B03-5F0D2F1EAFF1}.Release|x64.Build.0 = Release|Any CPU
		{8CF6994D-7067-4164-9B03-5F0D2F1EAFF1}.Release|x86.ActiveCfg = Release|Any CPU
		{8CF6994D-7067-4164-9B03-5F0D2F1EAFF1}.Release|x86.Build.0 = Release|Any CPU
		{C98329E8-D7A3-4118-94E3-14FFC00C3966}.Debug|Any CPU.ActiveCfg = Debug|Any CPU
		{C98329E8-D7A3-4118-94E3-14FFC00C3966}.Debug|Any CPU.Build.0 = Debug|Any CPU
		{C98329E8-D7A3-4118-94E3-14FFC00C3966}.Debug|x64.ActiveCfg = Debug|Any CPU
		{C98329E8-D7A3-4118-94E3-14FFC00C3966}.Debug|x64.Build.0 = Debug|Any CPU
		{C98329E8-D7A3-4118-94E3-14FFC00C3966}.Debug|x86.ActiveCfg = Debug|Any CPU
		{C98329E8-D7A3-4118-94E3-14FFC00C3966}.Debug|x86.Build.0 = Debug|Any CPU
		{C98329E8-D7A3-4118-94E3-14FFC00C3966}.Release|Any CPU.ActiveCfg = Release|Any CPU
		{C98329E8-D7A3-4118-94E3-14FFC00C3966}.Release|Any CPU.Build.0 = Release|Any CPU
		{C98329E8-D7A3-4118-94E3-14FFC00C3966}.Release|x64.ActiveCfg = Release|Any CPU
		{C98329E8-D7A3-4118-94E3-14FFC00C3966}.Release|x64.Build.0 = Release|Any CPU
		{C98329E8-D7A3-4118-94E3-14FFC00C3966}.Release|x86.ActiveCfg = Release|Any CPU
		{C98329E8-D7A3-4118-94E3-14FFC00C3966}.Release|x86.Build.0 = Release|Any CPU
		{F648B6AA-8CE7-417B-A4C5-68A3FA560860}.Debug|Any CPU.ActiveCfg = Debug|Any CPU
		{F648B6AA-8CE7-417B-A4C5-68A3FA560860}.Debug|Any CPU.Build.0 = Debug|Any CPU
		{F648B6AA-8CE7-417B-A4C5-68A3FA560860}.Debug|x64.ActiveCfg = Debug|Any CPU
		{F648B6AA-8CE7-417B-A4C5-68A3FA560860}.Debug|x64.Build.0 = Debug|Any CPU
		{F648B6AA-8CE7-417B-A4C5-68A3FA560860}.Debug|x86.ActiveCfg = Debug|Any CPU
		{F648B6AA-8CE7-417B-A4C5-68A3FA560860}.Debug|x86.Build.0 = Debug|Any CPU
		{F648B6AA-8CE7-417B-A4C5-68A3FA560860}.Release|Any CPU.ActiveCfg = Release|Any CPU
		{F648B6AA-8CE7-417B-A4C5-68A3FA560860}.Release|Any CPU.Build.0 = Release|Any CPU
		{F648B6AA-8CE7-417B-A4C5-68A3FA560860}.Release|x64.ActiveCfg = Release|Any CPU
		{F648B6AA-8CE7-417B-A4C5-68A3FA560860}.Release|x64.Build.0 = Release|Any CPU
		{F648B6AA-8CE7-417B-A4C5-68A3FA560860}.Release|x86.ActiveCfg = Release|Any CPU
		{F648B6AA-8CE7-417B-A4C5-68A3FA560860}.Release|x86.Build.0 = Release|Any CPU
		{70D3C4E9-504C-41ED-8FF5-1C4A3AE5B560}.Debug|Any CPU.ActiveCfg = Debug|Any CPU
		{70D3C4E9-504C-41ED-8FF5-1C4A3AE5B560}.Debug|Any CPU.Build.0 = Debug|Any CPU
		{70D3C4E9-504C-41ED-8FF5-1C4A3AE5B560}.Debug|x64.ActiveCfg = Debug|Any CPU
		{70D3C4E9-504C-41ED-8FF5-1C4A3AE5B560}.Debug|x64.Build.0 = Debug|Any CPU
		{70D3C4E9-504C-41ED-8FF5-1C4A3AE5B560}.Debug|x86.ActiveCfg = Debug|Any CPU
		{70D3C4E9-504C-41ED-8FF5-1C4A3AE5B560}.Debug|x86.Build.0 = Debug|Any CPU
		{70D3C4E9-504C-41ED-8FF5-1C4A3AE5B560}.Release|Any CPU.ActiveCfg = Release|Any CPU
		{70D3C4E9-504C-41ED-8FF5-1C4A3AE5B560}.Release|Any CPU.Build.0 = Release|Any CPU
		{70D3C4E9-504C-41ED-8FF5-1C4A3AE5B560}.Release|x64.ActiveCfg = Release|Any CPU
		{70D3C4E9-504C-41ED-8FF5-1C4A3AE5B560}.Release|x64.Build.0 = Release|Any CPU
		{70D3C4E9-504C-41ED-8FF5-1C4A3AE5B560}.Release|x86.ActiveCfg = Release|Any CPU
		{70D3C4E9-504C-41ED-8FF5-1C4A3AE5B560}.Release|x86.Build.0 = Release|Any CPU
		{A6F60D3A-EE7C-4E63-80BD-F09BE71BDF38}.Debug|Any CPU.ActiveCfg = Debug|Any CPU
		{A6F60D3A-EE7C-4E63-80BD-F09BE71BDF38}.Debug|Any CPU.Build.0 = Debug|Any CPU
		{A6F60D3A-EE7C-4E63-80BD-F09BE71BDF38}.Debug|x64.ActiveCfg = Debug|Any CPU
		{A6F60D3A-EE7C-4E63-80BD-F09BE71BDF38}.Debug|x64.Build.0 = Debug|Any CPU
		{A6F60D3A-EE7C-4E63-80BD-F09BE71BDF38}.Debug|x86.ActiveCfg = Debug|Any CPU
		{A6F60D3A-EE7C-4E63-80BD-F09BE71BDF38}.Debug|x86.Build.0 = Debug|Any CPU
		{A6F60D3A-EE7C-4E63-80BD-F09BE71BDF38}.Release|Any CPU.ActiveCfg = Release|Any CPU
		{A6F60D3A-EE7C-4E63-80BD-F09BE71BDF38}.Release|Any CPU.Build.0 = Release|Any CPU
		{A6F60D3A-EE7C-4E63-80BD-F09BE71BDF38}.Release|x64.ActiveCfg = Release|Any CPU
		{A6F60D3A-EE7C-4E63-80BD-F09BE71BDF38}.Release|x64.Build.0 = Release|Any CPU
		{A6F60D3A-EE7C-4E63-80BD-F09BE71BDF38}.Release|x86.ActiveCfg = Release|Any CPU
		{A6F60D3A-EE7C-4E63-80BD-F09BE71BDF38}.Release|x86.Build.0 = Release|Any CPU
		{A24F980A-E094-4CA4-A660-C636DD697CF2}.Debug|Any CPU.ActiveCfg = Debug|Any CPU
		{A24F980A-E094-4CA4-A660-C636DD697CF2}.Debug|Any CPU.Build.0 = Debug|Any CPU
		{A24F980A-E094-4CA4-A660-C636DD697CF2}.Debug|x64.ActiveCfg = Debug|Any CPU
		{A24F980A-E094-4CA4-A660-C636DD697CF2}.Debug|x64.Build.0 = Debug|Any CPU
		{A24F980A-E094-4CA4-A660-C636DD697CF2}.Debug|x86.ActiveCfg = Debug|Any CPU
		{A24F980A-E094-4CA4-A660-C636DD697CF2}.Debug|x86.Build.0 = Debug|Any CPU
		{A24F980A-E094-4CA4-A660-C636DD697CF2}.Release|Any CPU.ActiveCfg = Release|Any CPU
		{A24F980A-E094-4CA4-A660-C636DD697CF2}.Release|Any CPU.Build.0 = Release|Any CPU
		{A24F980A-E094-4CA4-A660-C636DD697CF2}.Release|x64.ActiveCfg = Release|Any CPU
		{A24F980A-E094-4CA4-A660-C636DD697CF2}.Release|x64.Build.0 = Release|Any CPU
		{A24F980A-E094-4CA4-A660-C636DD697CF2}.Release|x86.ActiveCfg = Release|Any CPU
		{A24F980A-E094-4CA4-A660-C636DD697CF2}.Release|x86.Build.0 = Release|Any CPU
		{B7BA0832-5CED-4747-93B9-52B6BBF30EA8}.Debug|Any CPU.ActiveCfg = Debug|Any CPU
		{B7BA0832-5CED-4747-93B9-52B6BBF30EA8}.Debug|Any CPU.Build.0 = Debug|Any CPU
		{B7BA0832-5CED-4747-93B9-52B6BBF30EA8}.Debug|x64.ActiveCfg = Debug|Any CPU
		{B7BA0832-5CED-4747-93B9-52B6BBF30EA8}.Debug|x64.Build.0 = Debug|Any CPU
		{B7BA0832-5CED-4747-93B9-52B6BBF30EA8}.Debug|x86.ActiveCfg = Debug|Any CPU
		{B7BA0832-5CED-4747-93B9-52B6BBF30EA8}.Debug|x86.Build.0 = Debug|Any CPU
		{B7BA0832-5CED-4747-93B9-52B6BBF30EA8}.Release|Any CPU.ActiveCfg = Release|Any CPU
		{B7BA0832-5CED-4747-93B9-52B6BBF30EA8}.Release|Any CPU.Build.0 = Release|Any CPU
		{B7BA0832-5CED-4747-93B9-52B6BBF30EA8}.Release|x64.ActiveCfg = Release|Any CPU
		{B7BA0832-5CED-4747-93B9-52B6BBF30EA8}.Release|x64.Build.0 = Release|Any CPU
		{B7BA0832-5CED-4747-93B9-52B6BBF30EA8}.Release|x86.ActiveCfg = Release|Any CPU
		{B7BA0832-5CED-4747-93B9-52B6BBF30EA8}.Release|x86.Build.0 = Release|Any CPU
		{CB2D06CC-C186-4DEE-BE4E-35A63C982F60}.Debug|Any CPU.ActiveCfg = Debug|Any CPU
		{CB2D06CC-C186-4DEE-BE4E-35A63C982F60}.Debug|Any CPU.Build.0 = Debug|Any CPU
		{CB2D06CC-C186-4DEE-BE4E-35A63C982F60}.Debug|x64.ActiveCfg = Debug|Any CPU
		{CB2D06CC-C186-4DEE-BE4E-35A63C982F60}.Debug|x64.Build.0 = Debug|Any CPU
		{CB2D06CC-C186-4DEE-BE4E-35A63C982F60}.Debug|x86.ActiveCfg = Debug|Any CPU
		{CB2D06CC-C186-4DEE-BE4E-35A63C982F60}.Debug|x86.Build.0 = Debug|Any CPU
		{CB2D06CC-C186-4DEE-BE4E-35A63C982F60}.Release|Any CPU.ActiveCfg = Release|Any CPU
		{CB2D06CC-C186-4DEE-BE4E-35A63C982F60}.Release|Any CPU.Build.0 = Release|Any CPU
		{CB2D06CC-C186-4DEE-BE4E-35A63C982F60}.Release|x64.ActiveCfg = Release|Any CPU
		{CB2D06CC-C186-4DEE-BE4E-35A63C982F60}.Release|x64.Build.0 = Release|Any CPU
		{CB2D06CC-C186-4DEE-BE4E-35A63C982F60}.Release|x86.ActiveCfg = Release|Any CPU
		{CB2D06CC-C186-4DEE-BE4E-35A63C982F60}.Release|x86.Build.0 = Release|Any CPU
		{5BFC0D09-4E4E-4C7B-984D-CF7BB49A029D}.Debug|Any CPU.ActiveCfg = Debug|Any CPU
		{5BFC0D09-4E4E-4C7B-984D-CF7BB49A029D}.Debug|Any CPU.Build.0 = Debug|Any CPU
		{5BFC0D09-4E4E-4C7B-984D-CF7BB49A029D}.Debug|x64.ActiveCfg = Debug|Any CPU
		{5BFC0D09-4E4E-4C7B-984D-CF7BB49A029D}.Debug|x64.Build.0 = Debug|Any CPU
		{5BFC0D09-4E4E-4C7B-984D-CF7BB49A029D}.Debug|x86.ActiveCfg = Debug|Any CPU
		{5BFC0D09-4E4E-4C7B-984D-CF7BB49A029D}.Debug|x86.Build.0 = Debug|Any CPU
		{5BFC0D09-4E4E-4C7B-984D-CF7BB49A029D}.Release|Any CPU.ActiveCfg = Release|Any CPU
		{5BFC0D09-4E4E-4C7B-984D-CF7BB49A029D}.Release|Any CPU.Build.0 = Release|Any CPU
		{5BFC0D09-4E4E-4C7B-984D-CF7BB49A029D}.Release|x64.ActiveCfg = Release|Any CPU
		{5BFC0D09-4E4E-4C7B-984D-CF7BB49A029D}.Release|x64.Build.0 = Release|Any CPU
		{5BFC0D09-4E4E-4C7B-984D-CF7BB49A029D}.Release|x86.ActiveCfg = Release|Any CPU
		{5BFC0D09-4E4E-4C7B-984D-CF7BB49A029D}.Release|x86.Build.0 = Release|Any CPU
		{F1650E3B-0CEA-4023-914F-9AABEB15384D}.Debug|Any CPU.ActiveCfg = Debug|Any CPU
		{F1650E3B-0CEA-4023-914F-9AABEB15384D}.Debug|Any CPU.Build.0 = Debug|Any CPU
		{F1650E3B-0CEA-4023-914F-9AABEB15384D}.Debug|x64.ActiveCfg = Debug|Any CPU
		{F1650E3B-0CEA-4023-914F-9AABEB15384D}.Debug|x64.Build.0 = Debug|Any CPU
		{F1650E3B-0CEA-4023-914F-9AABEB15384D}.Debug|x86.ActiveCfg = Debug|Any CPU
		{F1650E3B-0CEA-4023-914F-9AABEB15384D}.Debug|x86.Build.0 = Debug|Any CPU
		{F1650E3B-0CEA-4023-914F-9AABEB15384D}.Release|Any CPU.ActiveCfg = Release|Any CPU
		{F1650E3B-0CEA-4023-914F-9AABEB15384D}.Release|Any CPU.Build.0 = Release|Any CPU
		{F1650E3B-0CEA-4023-914F-9AABEB15384D}.Release|x64.ActiveCfg = Release|Any CPU
		{F1650E3B-0CEA-4023-914F-9AABEB15384D}.Release|x64.Build.0 = Release|Any CPU
		{F1650E3B-0CEA-4023-914F-9AABEB15384D}.Release|x86.ActiveCfg = Release|Any CPU
		{F1650E3B-0CEA-4023-914F-9AABEB15384D}.Release|x86.Build.0 = Release|Any CPU
		{95480125-F138-4B74-B939-5040BD694817}.Debug|Any CPU.ActiveCfg = Debug|Any CPU
		{95480125-F138-4B74-B939-5040BD694817}.Debug|Any CPU.Build.0 = Debug|Any CPU
		{95480125-F138-4B74-B939-5040BD694817}.Debug|x64.ActiveCfg = Debug|Any CPU
		{95480125-F138-4B74-B939-5040BD694817}.Debug|x64.Build.0 = Debug|Any CPU
		{95480125-F138-4B74-B939-5040BD694817}.Debug|x86.ActiveCfg = Debug|Any CPU
		{95480125-F138-4B74-B939-5040BD694817}.Debug|x86.Build.0 = Debug|Any CPU
		{95480125-F138-4B74-B939-5040BD694817}.Release|Any CPU.ActiveCfg = Release|Any CPU
		{95480125-F138-4B74-B939-5040BD694817}.Release|Any CPU.Build.0 = Release|Any CPU
		{95480125-F138-4B74-B939-5040BD694817}.Release|x64.ActiveCfg = Release|Any CPU
		{95480125-F138-4B74-B939-5040BD694817}.Release|x64.Build.0 = Release|Any CPU
		{95480125-F138-4B74-B939-5040BD694817}.Release|x86.ActiveCfg = Release|Any CPU
		{95480125-F138-4B74-B939-5040BD694817}.Release|x86.Build.0 = Release|Any CPU
		{414E9EFD-20DA-4A55-B441-8BD6763A10C9}.Debug|Any CPU.ActiveCfg = Debug|Any CPU
		{414E9EFD-20DA-4A55-B441-8BD6763A10C9}.Debug|Any CPU.Build.0 = Debug|Any CPU
		{414E9EFD-20DA-4A55-B441-8BD6763A10C9}.Debug|x64.ActiveCfg = Debug|Any CPU
		{414E9EFD-20DA-4A55-B441-8BD6763A10C9}.Debug|x64.Build.0 = Debug|Any CPU
		{414E9EFD-20DA-4A55-B441-8BD6763A10C9}.Debug|x86.ActiveCfg = Debug|Any CPU
		{414E9EFD-20DA-4A55-B441-8BD6763A10C9}.Debug|x86.Build.0 = Debug|Any CPU
		{414E9EFD-20DA-4A55-B441-8BD6763A10C9}.Release|Any CPU.ActiveCfg = Release|Any CPU
		{414E9EFD-20DA-4A55-B441-8BD6763A10C9}.Release|Any CPU.Build.0 = Release|Any CPU
		{414E9EFD-20DA-4A55-B441-8BD6763A10C9}.Release|x64.ActiveCfg = Release|Any CPU
		{414E9EFD-20DA-4A55-B441-8BD6763A10C9}.Release|x64.Build.0 = Release|Any CPU
		{414E9EFD-20DA-4A55-B441-8BD6763A10C9}.Release|x86.ActiveCfg = Release|Any CPU
		{414E9EFD-20DA-4A55-B441-8BD6763A10C9}.Release|x86.Build.0 = Release|Any CPU
	EndGlobalSection
	GlobalSection(SolutionProperties) = preSolution
		HideSolutionNode = FALSE
	EndGlobalSection
	GlobalSection(NestedProjects) = preSolution
		{90298CBA-BD6F-3A0A-69D5-97CAD7B05E7E} = {827E0CD3-B72D-47B6-A68D-7590B98EB39B}
		{D511C912-FE28-44D1-8854-1FBAFC0961F7} = {90298CBA-BD6F-3A0A-69D5-97CAD7B05E7E}
		{CE2C5A6B-FE01-4C90-8530-4A4A18A07C52} = {90298CBA-BD6F-3A0A-69D5-97CAD7B05E7E}
		{E0001123-ACAA-4B11-8832-11E79D0B2FCD} = {90298CBA-BD6F-3A0A-69D5-97CAD7B05E7E}
		{8CF6994D-7067-4164-9B03-5F0D2F1EAFF1} = {90298CBA-BD6F-3A0A-69D5-97CAD7B05E7E}
		{FFBE31B8-50B9-B415-22BC-2F92C97CADA3} = {827E0CD3-B72D-47B6-A68D-7590B98EB39B}
		{C98329E8-D7A3-4118-94E3-14FFC00C3966} = {FFBE31B8-50B9-B415-22BC-2F92C97CADA3}
		{984BB9B3-3FA3-BE33-9484-CAC21695A33C} = {827E0CD3-B72D-47B6-A68D-7590B98EB39B}
		{1BFC9479-12BF-35C3-06B8-42D89D95092B} = {984BB9B3-3FA3-BE33-9484-CAC21695A33C}
		{F648B6AA-8CE7-417B-A4C5-68A3FA560860} = {1BFC9479-12BF-35C3-06B8-42D89D95092B}
		{70D3C4E9-504C-41ED-8FF5-1C4A3AE5B560} = {1BFC9479-12BF-35C3-06B8-42D89D95092B}
		{A6F60D3A-EE7C-4E63-80BD-F09BE71BDF38} = {1BFC9479-12BF-35C3-06B8-42D89D95092B}
		{A24F980A-E094-4CA4-A660-C636DD697CF2} = {1BFC9479-12BF-35C3-06B8-42D89D95092B}
		{B7BA0832-5CED-4747-93B9-52B6BBF30EA8} = {1BFC9479-12BF-35C3-06B8-42D89D95092B}
		{BC2EBD3E-4DF8-7319-BAE1-BFEA273E9E93} = {984BB9B3-3FA3-BE33-9484-CAC21695A33C}
		{CB2D06CC-C186-4DEE-BE4E-35A63C982F60} = {BC2EBD3E-4DF8-7319-BAE1-BFEA273E9E93}
		{5BFC0D09-4E4E-4C7B-984D-CF7BB49A029D} = {BC2EBD3E-4DF8-7319-BAE1-BFEA273E9E93}
		{F1650E3B-0CEA-4023-914F-9AABEB15384D} = {BC2EBD3E-4DF8-7319-BAE1-BFEA273E9E93}
		{95480125-F138-4B74-B939-5040BD694817} = {BC2EBD3E-4DF8-7319-BAE1-BFEA273E9E93}
		{414E9EFD-20DA-4A55-B441-8BD6763A10C9} = {BC2EBD3E-4DF8-7319-BAE1-BFEA273E9E93}
	EndGlobalSection
EndGlobal
